// !$*UTF8*$!
{
	archiveVersion = 1;
	classes = {
	};
	objectVersion = 50;
	objects = {

/* Begin PBXBuildFile section */
		ED81D872263AB20F00487450 /* AppDelegate.swift in Sources */ = {isa = PBXBuildFile; fileRef = ED81D871263AB20F00487450 /* AppDelegate.swift */; };
		ED81D874263AB20F00487450 /* SceneDelegate.swift in Sources */ = {isa = PBXBuildFile; fileRef = ED81D873263AB20F00487450 /* SceneDelegate.swift */; };
		ED81D876263AB20F00487450 /* ViewController.swift in Sources */ = {isa = PBXBuildFile; fileRef = ED81D875263AB20F00487450 /* ViewController.swift */; };
		ED81D879263AB20F00487450 /* Main.storyboard in Resources */ = {isa = PBXBuildFile; fileRef = ED81D877263AB20F00487450 /* Main.storyboard */; };
		ED81D87B263AB21000487450 /* Assets.xcassets in Resources */ = {isa = PBXBuildFile; fileRef = ED81D87A263AB21000487450 /* Assets.xcassets */; };
		ED81D87E263AB21000487450 /* LaunchScreen.storyboard in Resources */ = {isa = PBXBuildFile; fileRef = ED81D87C263AB21000487450 /* LaunchScreen.storyboard */; };
		ED81D886263ADE7500487450 /* Models.swift in Sources */ = {isa = PBXBuildFile; fileRef = ED81D885263ADE7500487450 /* Models.swift */; };
		ED81D888263ADE9100487450 /* PersonFollowingTableViewCell.swift in Sources */ = {isa = PBXBuildFile; fileRef = ED81D887263ADE9100487450 /* PersonFollowingTableViewCell.swift */; };
		ED81D88A263AE00100487450 /* PersonFollowingTableViewCellViewModel.swift in Sources */ = {isa = PBXBuildFile; fileRef = ED81D889263AE00100487450 /* PersonFollowingTableViewCellViewModel.swift */; };
/* End PBXBuildFile section */

/* Begin PBXFileReference section */
		ED81D86E263AB20F00487450 /* MVVM_tutorial_#1.app */ = {isa = PBXFileReference; explicitFileType = wrapper.application; includeInIndex = 0; path = "MVVM_tutorial_#1.app"; sourceTree = BUILT_PRODUCTS_DIR; };
		ED81D871263AB20F00487450 /* AppDelegate.swift */ = {isa = PBXFileReference; lastKnownFileType = sourcecode.swift; path = AppDelegate.swift; sourceTree = "<group>"; };
		ED81D873263AB20F00487450 /* SceneDelegate.swift */ = {isa = PBXFileReference; lastKnownFileType = sourcecode.swift; path = SceneDelegate.swift; sourceTree = "<group>"; };
		ED81D875263AB20F00487450 /* ViewController.swift */ = {isa = PBXFileReference; lastKnownFileType = sourcecode.swift; path = ViewController.swift; sourceTree = "<group>"; };
		ED81D878263AB20F00487450 /* Base */ = {isa = PBXFileReference; lastKnownFileType = file.storyboard; name = Base; path = Base.lproj/Main.storyboard; sourceTree = "<group>"; };
		ED81D87A263AB21000487450 /* Assets.xcassets */ = {isa = PBXFileReference; lastKnownFileType = folder.assetcatalog; path = Assets.xcassets; sourceTree = "<group>"; };
		ED81D87D263AB21000487450 /* Base */ = {isa = PBXFileReference; lastKnownFileType = file.storyboard; name = Base; path = Base.lproj/LaunchScreen.storyboard; sourceTree = "<group>"; };
		ED81D87F263AB21000487450 /* Info.plist */ = {isa = PBXFileReference; lastKnownFileType = text.plist.xml; path = Info.plist; sourceTree = "<group>"; };
		ED81D885263ADE7500487450 /* Models.swift */ = {isa = PBXFileReference; lastKnownFileType = sourcecode.swift; path = Models.swift; sourceTree = "<group>"; };
		ED81D887263ADE9100487450 /* PersonFollowingTableViewCell.swift */ = {isa = PBXFileReference; lastKnownFileType = sourcecode.swift; path = PersonFollowingTableViewCell.swift; sourceTree = "<group>"; };
		ED81D889263AE00100487450 /* PersonFollowingTableViewCellViewModel.swift */ = {isa = PBXFileReference; lastKnownFileType = sourcecode.swift; path = PersonFollowingTableViewCellViewModel.swift; sourceTree = "<group>"; };
/* End PBXFileReference section */

/* Begin PBXFrameworksBuildPhase section */
		ED81D86B263AB20F00487450 /* Frameworks */ = {
			isa = PBXFrameworksBuildPhase;
			buildActionMask = 2147483647;
			files = (
			);
			runOnlyForDeploymentPostprocessing = 0;
		};
/* End PBXFrameworksBuildPhase section */

/* Begin PBXGroup section */
		ED81D865263AB20F00487450 = {
			isa = PBXGroup;
			children = (
				ED81D870263AB20F00487450 /* MVVM_tutorial_#1 */,
				ED81D86F263AB20F00487450 /* Products */,
			);
			sourceTree = "<group>";
		};
		ED81D86F263AB20F00487450 /* Products */ = {
			isa = PBXGroup;
			children = (
				ED81D86E263AB20F00487450 /* MVVM_tutorial_#1.app */,
			);
			name = Products;
			sourceTree = "<group>";
		};
		ED81D870263AB20F00487450 /* MVVM_tutorial_#1 */ = {
			isa = PBXGroup;
			children = (
				ED81D890263AEE0D00487450 /* Source */,
				ED81D88F263AEDFB00487450 /* Resource */,
			);
			path = "MVVM_tutorial_#1";
			sourceTree = "<group>";
		};
		ED81D88B263AEDD100487450 /* View */ = {
			isa = PBXGroup;
			children = (
				ED81D875263AB20F00487450 /* ViewController.swift */,
				ED81D887263ADE9100487450 /* PersonFollowingTableViewCell.swift */,
			);
			path = View;
			sourceTree = "<group>";
		};
		ED81D88C263AEDD500487450 /* ViewModel */ = {
			isa = PBXGroup;
			children = (
				ED81D889263AE00100487450 /* PersonFollowingTableViewCellViewModel.swift */,
			);
			path = ViewModel;
			sourceTree = "<group>";
		};
		ED81D88D263AEDD900487450 /* Model */ = {
			isa = PBXGroup;
			children = (
				ED81D885263ADE7500487450 /* Models.swift */,
			);
			path = Model;
			sourceTree = "<group>";
		};
		ED81D88E263AEDED00487450 /* Support */ = {
			isa = PBXGroup;
			children = (
				ED81D871263AB20F00487450 /* AppDelegate.swift */,
				ED81D873263AB20F00487450 /* SceneDelegate.swift */,
			);
			path = Support;
			sourceTree = "<group>";
		};
		ED81D88F263AEDFB00487450 /* Resource */ = {
			isa = PBXGroup;
			children = (
				ED81D877263AB20F00487450 /* Main.storyboard */,
				ED81D87A263AB21000487450 /* Assets.xcassets */,
				ED81D87C263AB21000487450 /* LaunchScreen.storyboard */,
				ED81D87F263AB21000487450 /* Info.plist */,
			);
			path = Resource;
			sourceTree = "<group>";
		};
		ED81D890263AEE0D00487450 /* Source */ = {
			isa = PBXGroup;
			children = (
				ED81D88E263AEDED00487450 /* Support */,
				ED81D88D263AEDD900487450 /* Model */,
				ED81D88C263AEDD500487450 /* ViewModel */,
				ED81D88B263AEDD100487450 /* View */,
			);
			path = Source;
			sourceTree = "<group>";
		};
/* End PBXGroup section */

/* Begin PBXNativeTarget section */
		ED81D86D263AB20F00487450 /* MVVM_tutorial_#1 */ = {
			isa = PBXNativeTarget;
			buildConfigurationList = ED81D882263AB21000487450 /* Build configuration list for PBXNativeTarget "MVVM_tutorial_#1" */;
			buildPhases = (
				ED81D86A263AB20F00487450 /* Sources */,
				ED81D86B263AB20F00487450 /* Frameworks */,
				ED81D86C263AB20F00487450 /* Resources */,
			);
			buildRules = (
			);
			dependencies = (
			);
			name = "MVVM_tutorial_#1";
			productName = "MVVM_tutorial_#1";
			productReference = ED81D86E263AB20F00487450 /* MVVM_tutorial_#1.app */;
			productType = "com.apple.product-type.application";
		};
/* End PBXNativeTarget section */

/* Begin PBXProject section */
		ED81D866263AB20F00487450 /* Project object */ = {
			isa = PBXProject;
			attributes = {
				LastSwiftUpdateCheck = 1250;
				LastUpgradeCheck = 1250;
				TargetAttributes = {
					ED81D86D263AB20F00487450 = {
						CreatedOnToolsVersion = 12.5;
					};
				};
			};
			buildConfigurationList = ED81D869263AB20F00487450 /* Build configuration list for PBXProject "MVVM_tutorial_#1" */;
			compatibilityVersion = "Xcode 9.3";
			developmentRegion = en;
			hasScannedForEncodings = 0;
			knownRegions = (
				en,
				Base,
			);
			mainGroup = ED81D865263AB20F00487450;
			productRefGroup = ED81D86F263AB20F00487450 /* Products */;
			projectDirPath = "";
			projectRoot = "";
			targets = (
				ED81D86D263AB20F00487450 /* MVVM_tutorial_#1 */,
			);
		};
/* End PBXProject section */

/* Begin PBXResourcesBuildPhase section */
		ED81D86C263AB20F00487450 /* Resources */ = {
			isa = PBXResourcesBuildPhase;
			buildActionMask = 2147483647;
			files = (
				ED81D87E263AB21000487450 /* LaunchScreen.storyboard in Resources */,
				ED81D87B263AB21000487450 /* Assets.xcassets in Resources */,
				ED81D879263AB20F00487450 /* Main.storyboard in Resources */,
			);
			runOnlyForDeploymentPostprocessing = 0;
		};
/* End PBXResourcesBuildPhase section */

/* Begin PBXSourcesBuildPhase section */
		ED81D86A263AB20F00487450 /* Sources */ = {
			isa = PBXSourcesBuildPhase;
			buildActionMask = 2147483647;
			files = (
				ED81D876263AB20F00487450 /* ViewController.swift in Sources */,
				ED81D88A263AE00100487450 /* PersonFollowingTableViewCellViewModel.swift in Sources */,
				ED81D888263ADE9100487450 /* PersonFollowingTableViewCell.swift in Sources */,
				ED81D872263AB20F00487450 /* AppDelegate.swift in Sources */,
				ED81D874263AB20F00487450 /* SceneDelegate.swift in Sources */,
				ED81D886263ADE7500487450 /* Models.swift in Sources */,
			);
			runOnlyForDeploymentPostprocessing = 0;
		};
/* End PBXSourcesBuildPhase section */

/* Begin PBXVariantGroup section */
		ED81D877263AB20F00487450 /* Main.storyboard */ = {
			isa = PBXVariantGroup;
			children = (
				ED81D878263AB20F00487450 /* Base */,
			);
			name = Main.storyboard;
			sourceTree = "<group>";
		};
		ED81D87C263AB21000487450 /* LaunchScreen.storyboard */ = {
			isa = PBXVariantGroup;
			children = (
				ED81D87D263AB21000487450 /* Base */,
			);
			name = LaunchScreen.storyboard;
			sourceTree = "<group>";
		};
/* End PBXVariantGroup section */

/* Begin XCBuildConfiguration section */
		ED81D880263AB21000487450 /* Debug */ = {
			isa = XCBuildConfiguration;
			buildSettings = {
				ALWAYS_SEARCH_USER_PATHS = NO;
				CLANG_ANALYZER_NONNULL = YES;
				CLANG_ANALYZER_NUMBER_OBJECT_CONVERSION = YES_AGGRESSIVE;
				CLANG_CXX_LANGUAGE_STANDARD = "gnu++14";
				CLANG_CXX_LIBRARY = "libc++";
				CLANG_ENABLE_MODULES = YES;
				CLANG_ENABLE_OBJC_ARC = YES;
				CLANG_ENABLE_OBJC_WEAK = YES;
				CLANG_WARN_BLOCK_CAPTURE_AUTORELEASING = YES;
				CLANG_WARN_BOOL_CONVERSION = YES;
				CLANG_WARN_COMMA = YES;
				CLANG_WARN_CONSTANT_CONVERSION = YES;
				CLANG_WARN_DEPRECATED_OBJC_IMPLEMENTATIONS = YES;
				CLANG_WARN_DIRECT_OBJC_ISA_USAGE = YES_ERROR;
				CLANG_WARN_DOCUMENTATION_COMMENTS = YES;
				CLANG_WARN_EMPTY_BODY = YES;
				CLANG_WARN_ENUM_CONVERSION = YES;
				CLANG_WARN_INFINITE_RECURSION = YES;
				CLANG_WARN_INT_CONVERSION = YES;
				CLANG_WARN_NON_LITERAL_NULL_CONVERSION = YES;
				CLANG_WARN_OBJC_IMPLICIT_RETAIN_SELF = YES;
				CLANG_WARN_OBJC_LITERAL_CONVERSION = YES;
				CLANG_WARN_OBJC_ROOT_CLASS = YES_ERROR;
				CLANG_WARN_QUOTED_INCLUDE_IN_FRAMEWORK_HEADER = YES;
				CLANG_WARN_RANGE_LOOP_ANALYSIS = YES;
				CLANG_WARN_STRICT_PROTOTYPES = YES;
				CLANG_WARN_SUSPICIOUS_MOVE = YES;
				CLANG_WARN_UNGUARDED_AVAILABILITY = YES_AGGRESSIVE;
				CLANG_WARN_UNREACHABLE_CODE = YES;
				CLANG_WARN__DUPLICATE_METHOD_MATCH = YES;
				COPY_PHASE_STRIP = NO;
				DEBUG_INFORMATION_FORMAT = dwarf;
				ENABLE_STRICT_OBJC_MSGSEND = YES;
				ENABLE_TESTABILITY = YES;
				GCC_C_LANGUAGE_STANDARD = gnu11;
				GCC_DYNAMIC_NO_PIC = NO;
				GCC_NO_COMMON_BLOCKS = YES;
				GCC_OPTIMIZATION_LEVEL = 0;
				GCC_PREPROCESSOR_DEFINITIONS = (
					"DEBUG=1",
					"$(inherited)",
				);
				GCC_WARN_64_TO_32_BIT_CONVERSION = YES;
				GCC_WARN_ABOUT_RETURN_TYPE = YES_ERROR;
				GCC_WARN_UNDECLARED_SELECTOR = YES;
				GCC_WARN_UNINITIALIZED_AUTOS = YES_AGGRESSIVE;
				GCC_WARN_UNUSED_FUNCTION = YES;
				GCC_WARN_UNUSED_VARIABLE = YES;
				IPHONEOS_DEPLOYMENT_TARGET = 14.5;
				MTL_ENABLE_DEBUG_INFO = INCLUDE_SOURCE;
				MTL_FAST_MATH = YES;
				ONLY_ACTIVE_ARCH = YES;
				SDKROOT = iphoneos;
				SWIFT_ACTIVE_COMPILATION_CONDITIONS = DEBUG;
				SWIFT_OPTIMIZATION_LEVEL = "-Onone";
			};
			name = Debug;
		};
		ED81D881263AB21000487450 /* Release */ = {
			isa = XCBuildConfiguration;
			buildSettings = {
				ALWAYS_SEARCH_USER_PATHS = NO;
				CLANG_ANALYZER_NONNULL = YES;
				CLANG_ANALYZER_NUMBER_OBJECT_CONVERSION = YES_AGGRESSIVE;
				CLANG_CXX_LANGUAGE_STANDARD = "gnu++14";
				CLANG_CXX_LIBRARY = "libc++";
				CLANG_ENABLE_MODULES = YES;
				CLANG_ENABLE_OBJC_ARC = YES;
				CLANG_ENABLE_OBJC_WEAK = YES;
				CLANG_WARN_BLOCK_CAPTURE_AUTORELEASING = YES;
				CLANG_WARN_BOOL_CONVERSION = YES;
				CLANG_WARN_COMMA = YES;
				CLANG_WARN_CONSTANT_CONVERSION = YES;
				CLANG_WARN_DEPRECATED_OBJC_IMPLEMENTATIONS = YES;
				CLANG_WARN_DIRECT_OBJC_ISA_USAGE = YES_ERROR;
				CLANG_WARN_DOCUMENTATION_COMMENTS = YES;
				CLANG_WARN_EMPTY_BODY = YES;
				CLANG_WARN_ENUM_CONVERSION = YES;
				CLANG_WARN_INFINITE_RECURSION = YES;
				CLANG_WARN_INT_CONVERSION = YES;
				CLANG_WARN_NON_LITERAL_NULL_CONVERSION = YES;
				CLANG_WARN_OBJC_IMPLICIT_RETAIN_SELF = YES;
				CLANG_WARN_OBJC_LITERAL_CONVERSION = YES;
				CLANG_WARN_OBJC_ROOT_CLASS = YES_ERROR;
				CLANG_WARN_QUOTED_INCLUDE_IN_FRAMEWORK_HEADER = YES;
				CLANG_WARN_RANGE_LOOP_ANALYSIS = YES;
				CLANG_WARN_STRICT_PROTOTYPES = YES;
				CLANG_WARN_SUSPICIOUS_MOVE = YES;
				CLANG_WARN_UNGUARDED_AVAILABILITY = YES_AGGRESSIVE;
				CLANG_WARN_UNREACHABLE_CODE = YES;
				CLANG_WARN__DUPLICATE_METHOD_MATCH = YES;
				COPY_PHASE_STRIP = NO;
				DEBUG_INFORMATION_FORMAT = "dwarf-with-dsym";
				ENABLE_NS_ASSERTIONS = NO;
				ENABLE_STRICT_OBJC_MSGSEND = YES;
				GCC_C_LANGUAGE_STANDARD = gnu11;
				GCC_NO_COMMON_BLOCKS = YES;
				GCC_WARN_64_TO_32_BIT_CONVERSION = YES;
				GCC_WARN_ABOUT_RETURN_TYPE = YES_ERROR;
				GCC_WARN_UNDECLARED_SELECTOR = YES;
				GCC_WARN_UNINITIALIZED_AUTOS = YES_AGGRESSIVE;
				GCC_WARN_UNUSED_FUNCTION = YES;
				GCC_WARN_UNUSED_VARIABLE = YES;
				IPHONEOS_DEPLOYMENT_TARGET = 14.5;
				MTL_ENABLE_DEBUG_INFO = NO;
				MTL_FAST_MATH = YES;
				SDKROOT = iphoneos;
				SWIFT_COMPILATION_MODE = wholemodule;
				SWIFT_OPTIMIZATION_LEVEL = "-O";
				VALIDATE_PRODUCT = YES;
			};
			name = Release;
		};
		ED81D883263AB21000487450 /* Debug */ = {
			isa = XCBuildConfiguration;
			buildSettings = {
				ASSETCATALOG_COMPILER_APPICON_NAME = AppIcon;
				ASSETCATALOG_COMPILER_GLOBAL_ACCENT_COLOR_NAME = AccentColor;
				CODE_SIGN_STYLE = Automatic;
				INFOPLIST_FILE = "MVVM_tutorial_#1/Resource/Info.plist";
				LD_RUNPATH_SEARCH_PATHS = (
					"$(inherited)",
					"@executable_path/Frameworks",
				);
				PRODUCT_BUNDLE_IDENTIFIER = "com.tiekle.MVVM-tutorial--1";
				PRODUCT_NAME = "$(TARGET_NAME)";
				SWIFT_VERSION = 5.0;
				TARGETED_DEVICE_FAMILY = "1,2";
			};
			name = Debug;
		};
		ED81D884263AB21000487450 /* Release */ = {
			isa = XCBuildConfiguration;
			buildSettings = {
				ASSETCATALOG_COMPILER_APPICON_NAME = AppIcon;
				ASSETCATALOG_COMPILER_GLOBAL_ACCENT_COLOR_NAME = AccentColor;
				CODE_SIGN_STYLE = Automatic;
				INFOPLIST_FILE = "MVVM_tutorial_#1/Resource/Info.plist";
				LD_RUNPATH_SEARCH_PATHS = (
					"$(inherited)",
					"@executable_path/Frameworks",
				);
				PRODUCT_BUNDLE_IDENTIFIER = "com.tiekle.MVVM-tutorial--1";
				PRODUCT_NAME = "$(TARGET_NAME)";
				SWIFT_VERSION = 5.0;
				TARGETED_DEVICE_FAMILY = "1,2";
			};
			name = Release;
		};
/* End XCBuildConfiguration section */

/* Begin XCConfigurationList section */
		ED81D869263AB20F00487450 /* Build configuration list for PBXProject "MVVM_tutorial_#1" */ = {
			isa = XCConfigurationList;
			buildConfigurations = (
				ED81D880263AB21000487450 /* Debug */,
				ED81D881263AB21000487450 /* Release */,
			);
			defaultConfigurationIsVisible = 0;
			defaultConfigurationName = Release;
		};
		ED81D882263AB21000487450 /* Build configuration list for PBXNativeTarget "MVVM_tutorial_#1" */ = {
			isa = XCConfigurationList;
			buildConfigurations = (
				ED81D883263AB21000487450 /* Debug */,
				ED81D884263AB21000487450 /* Release */,
			);
			defaultConfigurationIsVisible = 0;
			defaultConfigurationName = Release;
		};
/* End XCConfigurationList section */
	};
	rootObject = ED81D866263AB20F00487450 /* Project object */;
}
