// !$*UTF8*$!
{
	archiveVersion = 1;
	classes = {
	};
	objectVersion = 56;
	objects = {

/* Begin PBXBuildFile section */
		B54A95912A26FDEC000EFD01 /* AppDelegate.swift in Sources */ = {isa = PBXBuildFile; fileRef = B54A95902A26FDEC000EFD01 /* AppDelegate.swift */; };
		B54A95932A26FDEC000EFD01 /* SceneDelegate.swift in Sources */ = {isa = PBXBuildFile; fileRef = B54A95922A26FDEC000EFD01 /* SceneDelegate.swift */; };
		B54A95952A26FDEC000EFD01 /* ViewController.swift in Sources */ = {isa = PBXBuildFile; fileRef = B54A95942A26FDEC000EFD01 /* ViewController.swift */; };
		B54A95982A26FDEC000EFD01 /* Main.storyboard in Resources */ = {isa = PBXBuildFile; fileRef = B54A95962A26FDEC000EFD01 /* Main.storyboard */; };
		B54A959A2A26FDED000EFD01 /* Assets.xcassets in Resources */ = {isa = PBXBuildFile; fileRef = B54A95992A26FDED000EFD01 /* Assets.xcassets */; };
		B54A959D2A26FDED000EFD01 /* LaunchScreen.storyboard in Resources */ = {isa = PBXBuildFile; fileRef = B54A959B2A26FDED000EFD01 /* LaunchScreen.storyboard */; };
		B54A95AA2A26FE51000EFD01 /* Employees.swift in Sources */ = {isa = PBXBuildFile; fileRef = B54A95A92A26FE51000EFD01 /* Employees.swift */; };
		B54A95AC2A26FE8F000EFD01 /* EmployeeViewModel.swift in Sources */ = {isa = PBXBuildFile; fileRef = B54A95AB2A26FE8F000EFD01 /* EmployeeViewModel.swift */; };
		B54A95AE2A26FFA7000EFD01 /* EmployeeAPIService.swift in Sources */ = {isa = PBXBuildFile; fileRef = B54A95AD2A26FFA7000EFD01 /* EmployeeAPIService.swift */; };
		B54A95B02A270614000EFD01 /* EmployeeTableViewDataSource.swift in Sources */ = {isa = PBXBuildFile; fileRef = B54A95AF2A270614000EFD01 /* EmployeeTableViewDataSource.swift */; };
		B54A95B32A2707E6000EFD01 /* EmployeeTableViewCell.swift in Sources */ = {isa = PBXBuildFile; fileRef = B54A95B22A2707E6000EFD01 /* EmployeeTableViewCell.swift */; };
/* End PBXBuildFile section */

/* Begin PBXFileReference section */
		B54A958D2A26FDEC000EFD01 /* Employee-MVVM-Example.app */ = {isa = PBXFileReference; explicitFileType = wrapper.application; includeInIndex = 0; path = "Employee-MVVM-Example.app"; sourceTree = BUILT_PRODUCTS_DIR; };
		B54A95902A26FDEC000EFD01 /* AppDelegate.swift */ = {isa = PBXFileReference; lastKnownFileType = sourcecode.swift; path = AppDelegate.swift; sourceTree = "<group>"; };
		B54A95922A26FDEC000EFD01 /* SceneDelegate.swift */ = {isa = PBXFileReference; lastKnownFileType = sourcecode.swift; path = SceneDelegate.swift; sourceTree = "<group>"; };
		B54A95942A26FDEC000EFD01 /* ViewController.swift */ = {isa = PBXFileReference; lastKnownFileType = sourcecode.swift; path = ViewController.swift; sourceTree = "<group>"; };
		B54A95972A26FDEC000EFD01 /* Base */ = {isa = PBXFileReference; lastKnownFileType = file.storyboard; name = Base; path = Base.lproj/Main.storyboard; sourceTree = "<group>"; };
		B54A95992A26FDED000EFD01 /* Assets.xcassets */ = {isa = PBXFileReference; lastKnownFileType = folder.assetcatalog; path = Assets.xcassets; sourceTree = "<group>"; };
		B54A959C2A26FDED000EFD01 /* Base */ = {isa = PBXFileReference; lastKnownFileType = file.storyboard; name = Base; path = Base.lproj/LaunchScreen.storyboard; sourceTree = "<group>"; };
		B54A959E2A26FDED000EFD01 /* Info.plist */ = {isa = PBXFileReference; lastKnownFileType = text.plist.xml; path = Info.plist; sourceTree = "<group>"; };
		B54A95A92A26FE51000EFD01 /* Employees.swift */ = {isa = PBXFileReference; lastKnownFileType = sourcecode.swift; path = Employees.swift; sourceTree = "<group>"; };
		B54A95AB2A26FE8F000EFD01 /* EmployeeViewModel.swift */ = {isa = PBXFileReference; lastKnownFileType = sourcecode.swift; path = EmployeeViewModel.swift; sourceTree = "<group>"; };
		B54A95AD2A26FFA7000EFD01 /* EmployeeAPIService.swift */ = {isa = PBXFileReference; lastKnownFileType = sourcecode.swift; path = EmployeeAPIService.swift; sourceTree = "<group>"; };
		B54A95AF2A270614000EFD01 /* EmployeeTableViewDataSource.swift */ = {isa = PBXFileReference; lastKnownFileType = sourcecode.swift; path = EmployeeTableViewDataSource.swift; sourceTree = "<group>"; };
		B54A95B22A2707E6000EFD01 /* EmployeeTableViewCell.swift */ = {isa = PBXFileReference; lastKnownFileType = sourcecode.swift; path = EmployeeTableViewCell.swift; sourceTree = "<group>"; };
/* End PBXFileReference section */

/* Begin PBXFrameworksBuildPhase section */
		B54A958A2A26FDEC000EFD01 /* Frameworks */ = {
			isa = PBXFrameworksBuildPhase;
			buildActionMask = 2147483647;
			files = (
			);
			runOnlyForDeploymentPostprocessing = 0;
		};
/* End PBXFrameworksBuildPhase section */

/* Begin PBXGroup section */
		B54A95842A26FDEC000EFD01 = {
			isa = PBXGroup;
			children = (
				B54A958F2A26FDEC000EFD01 /* Employee-MVVM-Example */,
				B54A958E2A26FDEC000EFD01 /* Products */,
			);
			sourceTree = "<group>";
		};
		B54A958E2A26FDEC000EFD01 /* Products */ = {
			isa = PBXGroup;
			children = (
				B54A958D2A26FDEC000EFD01 /* Employee-MVVM-Example.app */,
			);
			name = Products;
			sourceTree = "<group>";
		};
		B54A958F2A26FDEC000EFD01 /* Employee-MVVM-Example */ = {
			isa = PBXGroup;
			children = (
				B54A95A82A26FE34000EFD01 /* Commons */,
				B54A95A72A26FE2A000EFD01 /* Views */,
				B54A95A62A26FE27000EFD01 /* Models */,
				B54A95A52A26FE1E000EFD01 /* ViewModels */,
				B54A95A42A26FE15000EFD01 /* APIService */,
				B54A95962A26FDEC000EFD01 /* Main.storyboard */,
				B54A95992A26FDED000EFD01 /* Assets.xcassets */,
				B54A959B2A26FDED000EFD01 /* LaunchScreen.storyboard */,
				B54A959E2A26FDED000EFD01 /* Info.plist */,
			);
			path = "Employee-MVVM-Example";
			sourceTree = "<group>";
		};
		B54A95A42A26FE15000EFD01 /* APIService */ = {
			isa = PBXGroup;
			children = (
				B54A95AD2A26FFA7000EFD01 /* EmployeeAPIService.swift */,
			);
			path = APIService;
			sourceTree = "<group>";
		};
		B54A95A52A26FE1E000EFD01 /* ViewModels */ = {
			isa = PBXGroup;
			children = (
				B54A95AB2A26FE8F000EFD01 /* EmployeeViewModel.swift */,
			);
			path = ViewModels;
			sourceTree = "<group>";
		};
		B54A95A62A26FE27000EFD01 /* Models */ = {
			isa = PBXGroup;
			children = (
				B54A95A92A26FE51000EFD01 /* Employees.swift */,
			);
			path = Models;
			sourceTree = "<group>";
		};
		B54A95A72A26FE2A000EFD01 /* Views */ = {
			isa = PBXGroup;
			children = (
				B54A95B12A2707D5000EFD01 /* Cells */,
				B54A95942A26FDEC000EFD01 /* ViewController.swift */,
			);
			path = Views;
			sourceTree = "<group>";
		};
		B54A95A82A26FE34000EFD01 /* Commons */ = {
			isa = PBXGroup;
			children = (
				B54A95902A26FDEC000EFD01 /* AppDelegate.swift */,
				B54A95922A26FDEC000EFD01 /* SceneDelegate.swift */,
			);
			path = Commons;
			sourceTree = "<group>";
		};
		B54A95B12A2707D5000EFD01 /* Cells */ = {
			isa = PBXGroup;
			children = (
				B54A95AF2A270614000EFD01 /* EmployeeTableViewDataSource.swift */,
				B54A95B22A2707E6000EFD01 /* EmployeeTableViewCell.swift */,
			);
			path = Cells;
			sourceTree = "<group>";
		};
/* End PBXGroup section */

/* Begin PBXNativeTarget section */
		B54A958C2A26FDEC000EFD01 /* Employee-MVVM-Example */ = {
			isa = PBXNativeTarget;
			buildConfigurationList = B54A95A12A26FDED000EFD01 /* Build configuration list for PBXNativeTarget "Employee-MVVM-Example" */;
			buildPhases = (
				B54A95892A26FDEC000EFD01 /* Sources */,
				B54A958A2A26FDEC000EFD01 /* Frameworks */,
				B54A958B2A26FDEC000EFD01 /* Resources */,
			);
			buildRules = (
			);
			dependencies = (
			);
			name = "Employee-MVVM-Example";
			productName = "Employee-MVVM-Example";
			productReference = B54A958D2A26FDEC000EFD01 /* Employee-MVVM-Example.app */;
			productType = "com.apple.product-type.application";
		};
/* End PBXNativeTarget section */

/* Begin PBXProject section */
		B54A95852A26FDEC000EFD01 /* Project object */ = {
			isa = PBXProject;
			attributes = {
				BuildIndependentTargetsInParallel = 1;
				LastSwiftUpdateCheck = 1420;
				LastUpgradeCheck = 1420;
				TargetAttributes = {
					B54A958C2A26FDEC000EFD01 = {
						CreatedOnToolsVersion = 14.2;
					};
				};
			};
			buildConfigurationList = B54A95882A26FDEC000EFD01 /* Build configuration list for PBXProject "Employee-MVVM-Example" */;
			compatibilityVersion = "Xcode 14.0";
			developmentRegion = en;
			hasScannedForEncodings = 0;
			knownRegions = (
				en,
				Base,
			);
			mainGroup = B54A95842A26FDEC000EFD01;
			productRefGroup = B54A958E2A26FDEC000EFD01 /* Products */;
			projectDirPath = "";
			projectRoot = "";
			targets = (
				B54A958C2A26FDEC000EFD01 /* Employee-MVVM-Example */,
			);
		};
/* End PBXProject section */

/* Begin PBXResourcesBuildPhase section */
		B54A958B2A26FDEC000EFD01 /* Resources */ = {
			isa = PBXResourcesBuildPhase;
			buildActionMask = 2147483647;
			files = (
				B54A959D2A26FDED000EFD01 /* LaunchScreen.storyboard in Resources */,
				B54A959A2A26FDED000EFD01 /* Assets.xcassets in Resources */,
				B54A95982A26FDEC000EFD01 /* Main.storyboard in Resources */,
			);
			runOnlyForDeploymentPostprocessing = 0;
		};
/* End PBXResourcesBuildPhase section */

/* Begin PBXSourcesBuildPhase section */
		B54A95892A26FDEC000EFD01 /* Sources */ = {
			isa = PBXSourcesBuildPhase;
			buildActionMask = 2147483647;
			files = (
				B54A95B02A270614000EFD01 /* EmployeeTableViewDataSource.swift in Sources */,
				B54A95B32A2707E6000EFD01 /* EmployeeTableViewCell.swift in Sources */,
				B54A95952A26FDEC000EFD01 /* ViewController.swift in Sources */,
				B54A95AA2A26FE51000EFD01 /* Employees.swift in Sources */,
				B54A95AE2A26FFA7000EFD01 /* EmployeeAPIService.swift in Sources */,
				B54A95912A26FDEC000EFD01 /* AppDelegate.swift in Sources */,
				B54A95AC2A26FE8F000EFD01 /* EmployeeViewModel.swift in Sources */,
				B54A95932A26FDEC000EFD01 /* SceneDelegate.swift in Sources */,
			);
			runOnlyForDeploymentPostprocessing = 0;
		};
/* End PBXSourcesBuildPhase section */

/* Begin PBXVariantGroup section */
		B54A95962A26FDEC000EFD01 /* Main.storyboard */ = {
			isa = PBXVariantGroup;
			children = (
				B54A95972A26FDEC000EFD01 /* Base */,
			);
			name = Main.storyboard;
			sourceTree = "<group>";
		};
		B54A959B2A26FDED000EFD01 /* LaunchScreen.storyboard */ = {
			isa = PBXVariantGroup;
			children = (
				B54A959C2A26FDED000EFD01 /* Base */,
			);
			name = LaunchScreen.storyboard;
			sourceTree = "<group>";
		};
/* End PBXVariantGroup section */

/* Begin XCBuildConfiguration section */
		B54A959F2A26FDED000EFD01 /* Debug */ = {
			isa = XCBuildConfiguration;
			buildSettings = {
				ALWAYS_SEARCH_USER_PATHS = NO;
				CLANG_ANALYZER_NONNULL = YES;
				CLANG_ANALYZER_NUMBER_OBJECT_CONVERSION = YES_AGGRESSIVE;
				CLANG_CXX_LANGUAGE_STANDARD = "gnu++20";
				CLANG_ENABLE_MODULES = YES;
				CLANG_ENABLE_OBJC_ARC = YES;
				CLANG_ENABLE_OBJC_WEAK = YES;
				CLANG_WARN_BLOCK_CAPTURE_AUTORELEASING = YES;
				CLANG_WARN_BOOL_CONVERSION = YES;
				CLANG_WARN_COMMA = YES;
				CLANG_WARN_CONSTANT_CONVERSION = YES;
				CLANG_WARN_DEPRECATED_OBJC_IMPLEMENTATIONS = YES;
				CLANG_WARN_DIRECT_OBJC_ISA_USAGE = YES_ERROR;
				CLANG_WARN_DOCUMENTATION_COMMENTS = YES;
				CLANG_WARN_EMPTY_BODY = YES;
				CLANG_WARN_ENUM_CONVERSION = YES;
				CLANG_WARN_INFINITE_RECURSION = YES;
				CLANG_WARN_INT_CONVERSION = YES;
				CLANG_WARN_NON_LITERAL_NULL_CONVERSION = YES;
				CLANG_WARN_OBJC_IMPLICIT_RETAIN_SELF = YES;
				CLANG_WARN_OBJC_LITERAL_CONVERSION = YES;
				CLANG_WARN_OBJC_ROOT_CLASS = YES_ERROR;
				CLANG_WARN_QUOTED_INCLUDE_IN_FRAMEWORK_HEADER = YES;
				CLANG_WARN_RANGE_LOOP_ANALYSIS = YES;
				CLANG_WARN_STRICT_PROTOTYPES = YES;
				CLANG_WARN_SUSPICIOUS_MOVE = YES;
				CLANG_WARN_UNGUARDED_AVAILABILITY = YES_AGGRESSIVE;
				CLANG_WARN_UNREACHABLE_CODE = YES;
				CLANG_WARN__DUPLICATE_METHOD_MATCH = YES;
				COPY_PHASE_STRIP = NO;
				DEBUG_INFORMATION_FORMAT = dwarf;
				ENABLE_STRICT_OBJC_MSGSEND = YES;
				ENABLE_TESTABILITY = YES;
				GCC_C_LANGUAGE_STANDARD = gnu11;
				GCC_DYNAMIC_NO_PIC = NO;
				GCC_NO_COMMON_BLOCKS = YES;
				GCC_OPTIMIZATION_LEVEL = 0;
				GCC_PREPROCESSOR_DEFINITIONS = (
					"DEBUG=1",
					"$(inherited)",
				);
				GCC_WARN_64_TO_32_BIT_CONVERSION = YES;
				GCC_WARN_ABOUT_RETURN_TYPE = YES_ERROR;
				GCC_WARN_UNDECLARED_SELECTOR = YES;
				GCC_WARN_UNINITIALIZED_AUTOS = YES_AGGRESSIVE;
				GCC_WARN_UNUSED_FUNCTION = YES;
				GCC_WARN_UNUSED_VARIABLE = YES;
				IPHONEOS_DEPLOYMENT_TARGET = 16.2;
				MTL_ENABLE_DEBUG_INFO = INCLUDE_SOURCE;
				MTL_FAST_MATH = YES;
				ONLY_ACTIVE_ARCH = YES;
				SDKROOT = iphoneos;
				SWIFT_ACTIVE_COMPILATION_CONDITIONS = DEBUG;
				SWIFT_OPTIMIZATION_LEVEL = "-Onone";
			};
			name = Debug;
		};
		B54A95A02A26FDED000EFD01 /* Release */ = {
			isa = XCBuildConfiguration;
			buildSettings = {
				ALWAYS_SEARCH_USER_PATHS = NO;
				CLANG_ANALYZER_NONNULL = YES;
				CLANG_ANALYZER_NUMBER_OBJECT_CONVERSION = YES_AGGRESSIVE;
				CLANG_CXX_LANGUAGE_STANDARD = "gnu++20";
				CLANG_ENABLE_MODULES = YES;
				CLANG_ENABLE_OBJC_ARC = YES;
				CLANG_ENABLE_OBJC_WEAK = YES;
				CLANG_WARN_BLOCK_CAPTURE_AUTORELEASING = YES;
				CLANG_WARN_BOOL_CONVERSION = YES;
				CLANG_WARN_COMMA = YES;
				CLANG_WARN_CONSTANT_CONVERSION = YES;
				CLANG_WARN_DEPRECATED_OBJC_IMPLEMENTATIONS = YES;
				CLANG_WARN_DIRECT_OBJC_ISA_USAGE = YES_ERROR;
				CLANG_WARN_DOCUMENTATION_COMMENTS = YES;
				CLANG_WARN_EMPTY_BODY = YES;
				CLANG_WARN_ENUM_CONVERSION = YES;
				CLANG_WARN_INFINITE_RECURSION = YES;
				CLANG_WARN_INT_CONVERSION = YES;
				CLANG_WARN_NON_LITERAL_NULL_CONVERSION = YES;
				CLANG_WARN_OBJC_IMPLICIT_RETAIN_SELF = YES;
				CLANG_WARN_OBJC_LITERAL_CONVERSION = YES;
				CLANG_WARN_OBJC_ROOT_CLASS = YES_ERROR;
				CLANG_WARN_QUOTED_INCLUDE_IN_FRAMEWORK_HEADER = YES;
				CLANG_WARN_RANGE_LOOP_ANALYSIS = YES;
				CLANG_WARN_STRICT_PROTOTYPES = YES;
				CLANG_WARN_SUSPICIOUS_MOVE = YES;
				CLANG_WARN_UNGUARDED_AVAILABILITY = YES_AGGRESSIVE;
				CLANG_WARN_UNREACHABLE_CODE = YES;
				CLANG_WARN__DUPLICATE_METHOD_MATCH = YES;
				COPY_PHASE_STRIP = NO;
				DEBUG_INFORMATION_FORMAT = "dwarf-with-dsym";
				ENABLE_NS_ASSERTIONS = NO;
				ENABLE_STRICT_OBJC_MSGSEND = YES;
				GCC_C_LANGUAGE_STANDARD = gnu11;
				GCC_NO_COMMON_BLOCKS = YES;
				GCC_WARN_64_TO_32_BIT_CONVERSION = YES;
				GCC_WARN_ABOUT_RETURN_TYPE = YES_ERROR;
				GCC_WARN_UNDECLARED_SELECTOR = YES;
				GCC_WARN_UNINITIALIZED_AUTOS = YES_AGGRESSIVE;
				GCC_WARN_UNUSED_FUNCTION = YES;
				GCC_WARN_UNUSED_VARIABLE = YES;
				IPHONEOS_DEPLOYMENT_TARGET = 16.2;
				MTL_ENABLE_DEBUG_INFO = NO;
				MTL_FAST_MATH = YES;
				SDKROOT = iphoneos;
				SWIFT_COMPILATION_MODE = wholemodule;
				SWIFT_OPTIMIZATION_LEVEL = "-O";
				VALIDATE_PRODUCT = YES;
			};
			name = Release;
		};
		B54A95A22A26FDED000EFD01 /* Debug */ = {
			isa = XCBuildConfiguration;
			buildSettings = {
				ASSETCATALOG_COMPILER_APPICON_NAME = AppIcon;
				ASSETCATALOG_COMPILER_GLOBAL_ACCENT_COLOR_NAME = AccentColor;
				CODE_SIGN_STYLE = Automatic;
				CURRENT_PROJECT_VERSION = 1;
				DEVELOPMENT_TEAM = 633J345B62;
				GENERATE_INFOPLIST_FILE = YES;
				INFOPLIST_FILE = "Employee-MVVM-Example/Info.plist";
				INFOPLIST_KEY_UIApplicationSupportsIndirectInputEvents = YES;
				INFOPLIST_KEY_UILaunchStoryboardName = LaunchScreen;
				INFOPLIST_KEY_UIMainStoryboardFile = Main;
				INFOPLIST_KEY_UISupportedInterfaceOrientations_iPad = "UIInterfaceOrientationPortrait UIInterfaceOrientationPortraitUpsideDown UIInterfaceOrientationLandscapeLeft UIInterfaceOrientationLandscapeRight";
				INFOPLIST_KEY_UISupportedInterfaceOrientations_iPhone = "UIInterfaceOrientationPortrait UIInterfaceOrientationLandscapeLeft UIInterfaceOrientationLandscapeRight";
				LD_RUNPATH_SEARCH_PATHS = (
					"$(inherited)",
					"@executable_path/Frameworks",
				);
				MARKETING_VERSION = 1.0;
				PRODUCT_BUNDLE_IDENTIFIER = "com.yoonah.Employee-MVVM-Example";
				PRODUCT_NAME = "$(TARGET_NAME)";
				SWIFT_EMIT_LOC_STRINGS = YES;
				SWIFT_VERSION = 5.0;
				TARGETED_DEVICE_FAMILY = "1,2";
			};
			name = Debug;
		};
		B54A95A32A26FDED000EFD01 /* Release */ = {
			isa = XCBuildConfiguration;
			buildSettings = {
				ASSETCATALOG_COMPILER_APPICON_NAME = AppIcon;
				ASSETCATALOG_COMPILER_GLOBAL_ACCENT_COLOR_NAME = AccentColor;
				CODE_SIGN_STYLE = Automatic;
				CURRENT_PROJECT_VERSION = 1;
				DEVELOPMENT_TEAM = 633J345B62;
				GENERATE_INFOPLIST_FILE = YES;
				INFOPLIST_FILE = "Employee-MVVM-Example/Info.plist";
				INFOPLIST_KEY_UIApplicationSupportsIndirectInputEvents = YES;
				INFOPLIST_KEY_UILaunchStoryboardName = LaunchScreen;
				INFOPLIST_KEY_UIMainStoryboardFile = Main;
				INFOPLIST_KEY_UISupportedInterfaceOrientations_iPad = "UIInterfaceOrientationPortrait UIInterfaceOrientationPortraitUpsideDown UIInterfaceOrientationLandscapeLeft UIInterfaceOrientationLandscapeRight";
				INFOPLIST_KEY_UISupportedInterfaceOrientations_iPhone = "UIInterfaceOrientationPortrait UIInterfaceOrientationLandscapeLeft UIInterfaceOrientationLandscapeRight";
				LD_RUNPATH_SEARCH_PATHS = (
					"$(inherited)",
					"@executable_path/Frameworks",
				);
				MARKETING_VERSION = 1.0;
				PRODUCT_BUNDLE_IDENTIFIER = "com.yoonah.Employee-MVVM-Example";
				PRODUCT_NAME = "$(TARGET_NAME)";
				SWIFT_EMIT_LOC_STRINGS = YES;
				SWIFT_VERSION = 5.0;
				TARGETED_DEVICE_FAMILY = "1,2";
			};
			name = Release;
		};
/* End XCBuildConfiguration section */

/* Begin XCConfigurationList section */
		B54A95882A26FDEC000EFD01 /* Build configuration list for PBXProject "Employee-MVVM-Example" */ = {
			isa = XCConfigurationList;
			buildConfigurations = (
				B54A959F2A26FDED000EFD01 /* Debug */,
				B54A95A02A26FDED000EFD01 /* Release */,
			);
			defaultConfigurationIsVisible = 0;
			defaultConfigurationName = Release;
		};
		B54A95A12A26FDED000EFD01 /* Build configuration list for PBXNativeTarget "Employee-MVVM-Example" */ = {
			isa = XCConfigurationList;
			buildConfigurations = (
				B54A95A22A26FDED000EFD01 /* Debug */,
				B54A95A32A26FDED000EFD01 /* Release */,
			);
			defaultConfigurationIsVisible = 0;
			defaultConfigurationName = Release;
		};
/* End XCConfigurationList section */
	};
	rootObject = B54A95852A26FDEC000EFD01 /* Project object */;
}
