// !$*UTF8*$!
{
	archiveVersion = 1;
	classes = {
	};
	objectVersion = 55;
	objects = {

/* Begin PBXBuildFile section */
		EDABEFBB274E67AD0031DE5A /* AppDelegate.swift in Sources */ = {isa = PBXBuildFile; fileRef = EDABEFBA274E67AD0031DE5A /* AppDelegate.swift */; };
		EDABEFBD274E67AD0031DE5A /* SceneDelegate.swift in Sources */ = {isa = PBXBuildFile; fileRef = EDABEFBC274E67AD0031DE5A /* SceneDelegate.swift */; };
		EDABEFBF274E67AD0031DE5A /* ViewController.swift in Sources */ = {isa = PBXBuildFile; fileRef = EDABEFBE274E67AD0031DE5A /* ViewController.swift */; };
		EDABEFC2274E67AD0031DE5A /* Main.storyboard in Resources */ = {isa = PBXBuildFile; fileRef = EDABEFC0274E67AD0031DE5A /* Main.storyboard */; };
		EDABEFC4274E67AF0031DE5A /* Assets.xcassets in Resources */ = {isa = PBXBuildFile; fileRef = EDABEFC3274E67AF0031DE5A /* Assets.xcassets */; };
		EDABEFC7274E67AF0031DE5A /* LaunchScreen.storyboard in Resources */ = {isa = PBXBuildFile; fileRef = EDABEFC5274E67AF0031DE5A /* LaunchScreen.storyboard */; };
		EDABEFD5274E68150031DE5A /* MAUIComponent.swift in Sources */ = {isa = PBXBuildFile; fileRef = EDABEFD4274E68150031DE5A /* MAUIComponent.swift */; };
		EDABEFD8274E68AE0031DE5A /* MALabel.swift in Sources */ = {isa = PBXBuildFile; fileRef = EDABEFD7274E68AE0031DE5A /* MALabel.swift */; };
		EDABEFDA274E6C1A0031DE5A /* MAButton.swift in Sources */ = {isa = PBXBuildFile; fileRef = EDABEFD9274E6C1A0031DE5A /* MAButton.swift */; };
		EDABEFDC274E6C600031DE5A /* MATextfield.swift in Sources */ = {isa = PBXBuildFile; fileRef = EDABEFDB274E6C600031DE5A /* MATextfield.swift */; };
		EDABEFE1274E6C8E0031DE5A /* ComponentFactory.swift in Sources */ = {isa = PBXBuildFile; fileRef = EDABEFE0274E6C8E0031DE5A /* ComponentFactory.swift */; };
/* End PBXBuildFile section */

/* Begin PBXFileReference section */
		EDABEFB7274E67AD0031DE5A /* Factory_tutorial2.app */ = {isa = PBXFileReference; explicitFileType = wrapper.application; includeInIndex = 0; path = Factory_tutorial2.app; sourceTree = BUILT_PRODUCTS_DIR; };
		EDABEFBA274E67AD0031DE5A /* AppDelegate.swift */ = {isa = PBXFileReference; lastKnownFileType = sourcecode.swift; path = AppDelegate.swift; sourceTree = "<group>"; };
		EDABEFBC274E67AD0031DE5A /* SceneDelegate.swift */ = {isa = PBXFileReference; lastKnownFileType = sourcecode.swift; path = SceneDelegate.swift; sourceTree = "<group>"; };
		EDABEFBE274E67AD0031DE5A /* ViewController.swift */ = {isa = PBXFileReference; lastKnownFileType = sourcecode.swift; path = ViewController.swift; sourceTree = "<group>"; };
		EDABEFC1274E67AD0031DE5A /* Base */ = {isa = PBXFileReference; lastKnownFileType = file.storyboard; name = Base; path = Base.lproj/Main.storyboard; sourceTree = "<group>"; };
		EDABEFC3274E67AF0031DE5A /* Assets.xcassets */ = {isa = PBXFileReference; lastKnownFileType = folder.assetcatalog; path = Assets.xcassets; sourceTree = "<group>"; };
		EDABEFC6274E67AF0031DE5A /* Base */ = {isa = PBXFileReference; lastKnownFileType = file.storyboard; name = Base; path = Base.lproj/LaunchScreen.storyboard; sourceTree = "<group>"; };
		EDABEFC8274E67AF0031DE5A /* Info.plist */ = {isa = PBXFileReference; lastKnownFileType = text.plist.xml; path = Info.plist; sourceTree = "<group>"; };
		EDABEFD4274E68150031DE5A /* MAUIComponent.swift */ = {isa = PBXFileReference; lastKnownFileType = sourcecode.swift; path = MAUIComponent.swift; sourceTree = "<group>"; };
		EDABEFD7274E68AE0031DE5A /* MALabel.swift */ = {isa = PBXFileReference; lastKnownFileType = sourcecode.swift; path = MALabel.swift; sourceTree = "<group>"; };
		EDABEFD9274E6C1A0031DE5A /* MAButton.swift */ = {isa = PBXFileReference; lastKnownFileType = sourcecode.swift; path = MAButton.swift; sourceTree = "<group>"; };
		EDABEFDB274E6C600031DE5A /* MATextfield.swift */ = {isa = PBXFileReference; lastKnownFileType = sourcecode.swift; path = MATextfield.swift; sourceTree = "<group>"; };
		EDABEFE0274E6C8E0031DE5A /* ComponentFactory.swift */ = {isa = PBXFileReference; lastKnownFileType = sourcecode.swift; path = ComponentFactory.swift; sourceTree = "<group>"; };
/* End PBXFileReference section */

/* Begin PBXFrameworksBuildPhase section */
		EDABEFB4274E67AD0031DE5A /* Frameworks */ = {
			isa = PBXFrameworksBuildPhase;
			buildActionMask = 2147483647;
			files = (
			);
			runOnlyForDeploymentPostprocessing = 0;
		};
/* End PBXFrameworksBuildPhase section */

/* Begin PBXGroup section */
		EDABEFAE274E67AD0031DE5A = {
			isa = PBXGroup;
			children = (
				EDABEFB9274E67AD0031DE5A /* Factory_tutorial2 */,
				EDABEFB8274E67AD0031DE5A /* Products */,
			);
			sourceTree = "<group>";
		};
		EDABEFB8274E67AD0031DE5A /* Products */ = {
			isa = PBXGroup;
			children = (
				EDABEFB7274E67AD0031DE5A /* Factory_tutorial2.app */,
			);
			name = Products;
			sourceTree = "<group>";
		};
		EDABEFB9274E67AD0031DE5A /* Factory_tutorial2 */ = {
			isa = PBXGroup;
			children = (
				EDABEFDF274E6C820031DE5A /* Factory */,
				EDABEFD6274E68A00031DE5A /* Concrete Product */,
				EDABEFD3274E68070031DE5A /* Protocol */,
				EDABEFD2274E67D40031DE5A /* Resource */,
				EDABEFCF274E67CB0031DE5A /* Views */,
				EDABEFCE274E67C10031DE5A /* Supporting files */,
			);
			path = Factory_tutorial2;
			sourceTree = "<group>";
		};
		EDABEFCE274E67C10031DE5A /* Supporting files */ = {
			isa = PBXGroup;
			children = (
				EDABEFC8274E67AF0031DE5A /* Info.plist */,
				EDABEFBA274E67AD0031DE5A /* AppDelegate.swift */,
				EDABEFBC274E67AD0031DE5A /* SceneDelegate.swift */,
			);
			path = "Supporting files";
			sourceTree = "<group>";
		};
		EDABEFCF274E67CB0031DE5A /* Views */ = {
			isa = PBXGroup;
			children = (
				EDABEFD1274E67D10031DE5A /* VC */,
				EDABEFD0274E67CE0031DE5A /* SB */,
			);
			path = Views;
			sourceTree = "<group>";
		};
		EDABEFD0274E67CE0031DE5A /* SB */ = {
			isa = PBXGroup;
			children = (
				EDABEFC0274E67AD0031DE5A /* Main.storyboard */,
				EDABEFC5274E67AF0031DE5A /* LaunchScreen.storyboard */,
			);
			path = SB;
			sourceTree = "<group>";
		};
		EDABEFD1274E67D10031DE5A /* VC */ = {
			isa = PBXGroup;
			children = (
				EDABEFBE274E67AD0031DE5A /* ViewController.swift */,
			);
			path = VC;
			sourceTree = "<group>";
		};
		EDABEFD2274E67D40031DE5A /* Resource */ = {
			isa = PBXGroup;
			children = (
				EDABEFC3274E67AF0031DE5A /* Assets.xcassets */,
			);
			path = Resource;
			sourceTree = "<group>";
		};
		EDABEFD3274E68070031DE5A /* Protocol */ = {
			isa = PBXGroup;
			children = (
				EDABEFD4274E68150031DE5A /* MAUIComponent.swift */,
			);
			path = Protocol;
			sourceTree = "<group>";
		};
		EDABEFD6274E68A00031DE5A /* Concrete Product */ = {
			isa = PBXGroup;
			children = (
				EDABEFD7274E68AE0031DE5A /* MALabel.swift */,
				EDABEFD9274E6C1A0031DE5A /* MAButton.swift */,
				EDABEFDB274E6C600031DE5A /* MATextfield.swift */,
			);
			path = "Concrete Product";
			sourceTree = "<group>";
		};
		EDABEFDF274E6C820031DE5A /* Factory */ = {
			isa = PBXGroup;
			children = (
				EDABEFE0274E6C8E0031DE5A /* ComponentFactory.swift */,
			);
			path = Factory;
			sourceTree = "<group>";
		};
/* End PBXGroup section */

/* Begin PBXNativeTarget section */
		EDABEFB6274E67AD0031DE5A /* Factory_tutorial2 */ = {
			isa = PBXNativeTarget;
			buildConfigurationList = EDABEFCB274E67AF0031DE5A /* Build configuration list for PBXNativeTarget "Factory_tutorial2" */;
			buildPhases = (
				EDABEFB3274E67AD0031DE5A /* Sources */,
				EDABEFB4274E67AD0031DE5A /* Frameworks */,
				EDABEFB5274E67AD0031DE5A /* Resources */,
			);
			buildRules = (
			);
			dependencies = (
			);
			name = Factory_tutorial2;
			productName = Factory_tutorial2;
			productReference = EDABEFB7274E67AD0031DE5A /* Factory_tutorial2.app */;
			productType = "com.apple.product-type.application";
		};
/* End PBXNativeTarget section */

/* Begin PBXProject section */
		EDABEFAF274E67AD0031DE5A /* Project object */ = {
			isa = PBXProject;
			attributes = {
				BuildIndependentTargetsInParallel = 1;
				LastSwiftUpdateCheck = 1310;
				LastUpgradeCheck = 1310;
				TargetAttributes = {
					EDABEFB6274E67AD0031DE5A = {
						CreatedOnToolsVersion = 13.1;
					};
				};
			};
			buildConfigurationList = EDABEFB2274E67AD0031DE5A /* Build configuration list for PBXProject "Factory_tutorial2" */;
			compatibilityVersion = "Xcode 13.0";
			developmentRegion = en;
			hasScannedForEncodings = 0;
			knownRegions = (
				en,
				Base,
			);
			mainGroup = EDABEFAE274E67AD0031DE5A;
			productRefGroup = EDABEFB8274E67AD0031DE5A /* Products */;
			projectDirPath = "";
			projectRoot = "";
			targets = (
				EDABEFB6274E67AD0031DE5A /* Factory_tutorial2 */,
			);
		};
/* End PBXProject section */

/* Begin PBXResourcesBuildPhase section */
		EDABEFB5274E67AD0031DE5A /* Resources */ = {
			isa = PBXResourcesBuildPhase;
			buildActionMask = 2147483647;
			files = (
				EDABEFC7274E67AF0031DE5A /* LaunchScreen.storyboard in Resources */,
				EDABEFC4274E67AF0031DE5A /* Assets.xcassets in Resources */,
				EDABEFC2274E67AD0031DE5A /* Main.storyboard in Resources */,
			);
			runOnlyForDeploymentPostprocessing = 0;
		};
/* End PBXResourcesBuildPhase section */

/* Begin PBXSourcesBuildPhase section */
		EDABEFB3274E67AD0031DE5A /* Sources */ = {
			isa = PBXSourcesBuildPhase;
			buildActionMask = 2147483647;
			files = (
				EDABEFBF274E67AD0031DE5A /* ViewController.swift in Sources */,
				EDABEFD5274E68150031DE5A /* MAUIComponent.swift in Sources */,
				EDABEFD8274E68AE0031DE5A /* MALabel.swift in Sources */,
				EDABEFDA274E6C1A0031DE5A /* MAButton.swift in Sources */,
				EDABEFE1274E6C8E0031DE5A /* ComponentFactory.swift in Sources */,
				EDABEFBB274E67AD0031DE5A /* AppDelegate.swift in Sources */,
				EDABEFBD274E67AD0031DE5A /* SceneDelegate.swift in Sources */,
				EDABEFDC274E6C600031DE5A /* MATextfield.swift in Sources */,
			);
			runOnlyForDeploymentPostprocessing = 0;
		};
/* End PBXSourcesBuildPhase section */

/* Begin PBXVariantGroup section */
		EDABEFC0274E67AD0031DE5A /* Main.storyboard */ = {
			isa = PBXVariantGroup;
			children = (
				EDABEFC1274E67AD0031DE5A /* Base */,
			);
			name = Main.storyboard;
			sourceTree = "<group>";
		};
		EDABEFC5274E67AF0031DE5A /* LaunchScreen.storyboard */ = {
			isa = PBXVariantGroup;
			children = (
				EDABEFC6274E67AF0031DE5A /* Base */,
			);
			name = LaunchScreen.storyboard;
			sourceTree = "<group>";
		};
/* End PBXVariantGroup section */

/* Begin XCBuildConfiguration section */
		EDABEFC9274E67AF0031DE5A /* Debug */ = {
			isa = XCBuildConfiguration;
			buildSettings = {
				ALWAYS_SEARCH_USER_PATHS = NO;
				CLANG_ANALYZER_NONNULL = YES;
				CLANG_ANALYZER_NUMBER_OBJECT_CONVERSION = YES_AGGRESSIVE;
				CLANG_CXX_LANGUAGE_STANDARD = "gnu++17";
				CLANG_CXX_LIBRARY = "libc++";
				CLANG_ENABLE_MODULES = YES;
				CLANG_ENABLE_OBJC_ARC = YES;
				CLANG_ENABLE_OBJC_WEAK = YES;
				CLANG_WARN_BLOCK_CAPTURE_AUTORELEASING = YES;
				CLANG_WARN_BOOL_CONVERSION = YES;
				CLANG_WARN_COMMA = YES;
				CLANG_WARN_CONSTANT_CONVERSION = YES;
				CLANG_WARN_DEPRECATED_OBJC_IMPLEMENTATIONS = YES;
				CLANG_WARN_DIRECT_OBJC_ISA_USAGE = YES_ERROR;
				CLANG_WARN_DOCUMENTATION_COMMENTS = YES;
				CLANG_WARN_EMPTY_BODY = YES;
				CLANG_WARN_ENUM_CONVERSION = YES;
				CLANG_WARN_INFINITE_RECURSION = YES;
				CLANG_WARN_INT_CONVERSION = YES;
				CLANG_WARN_NON_LITERAL_NULL_CONVERSION = YES;
				CLANG_WARN_OBJC_IMPLICIT_RETAIN_SELF = YES;
				CLANG_WARN_OBJC_LITERAL_CONVERSION = YES;
				CLANG_WARN_OBJC_ROOT_CLASS = YES_ERROR;
				CLANG_WARN_QUOTED_INCLUDE_IN_FRAMEWORK_HEADER = YES;
				CLANG_WARN_RANGE_LOOP_ANALYSIS = YES;
				CLANG_WARN_STRICT_PROTOTYPES = YES;
				CLANG_WARN_SUSPICIOUS_MOVE = YES;
				CLANG_WARN_UNGUARDED_AVAILABILITY = YES_AGGRESSIVE;
				CLANG_WARN_UNREACHABLE_CODE = YES;
				CLANG_WARN__DUPLICATE_METHOD_MATCH = YES;
				COPY_PHASE_STRIP = NO;
				DEBUG_INFORMATION_FORMAT = dwarf;
				ENABLE_STRICT_OBJC_MSGSEND = YES;
				ENABLE_TESTABILITY = YES;
				GCC_C_LANGUAGE_STANDARD = gnu11;
				GCC_DYNAMIC_NO_PIC = NO;
				GCC_NO_COMMON_BLOCKS = YES;
				GCC_OPTIMIZATION_LEVEL = 0;
				GCC_PREPROCESSOR_DEFINITIONS = (
					"DEBUG=1",
					"$(inherited)",
				);
				GCC_WARN_64_TO_32_BIT_CONVERSION = YES;
				GCC_WARN_ABOUT_RETURN_TYPE = YES_ERROR;
				GCC_WARN_UNDECLARED_SELECTOR = YES;
				GCC_WARN_UNINITIALIZED_AUTOS = YES_AGGRESSIVE;
				GCC_WARN_UNUSED_FUNCTION = YES;
				GCC_WARN_UNUSED_VARIABLE = YES;
				IPHONEOS_DEPLOYMENT_TARGET = 15.0;
				MTL_ENABLE_DEBUG_INFO = INCLUDE_SOURCE;
				MTL_FAST_MATH = YES;
				ONLY_ACTIVE_ARCH = YES;
				SDKROOT = iphoneos;
				SWIFT_ACTIVE_COMPILATION_CONDITIONS = DEBUG;
				SWIFT_OPTIMIZATION_LEVEL = "-Onone";
			};
			name = Debug;
		};
		EDABEFCA274E67AF0031DE5A /* Release */ = {
			isa = XCBuildConfiguration;
			buildSettings = {
				ALWAYS_SEARCH_USER_PATHS = NO;
				CLANG_ANALYZER_NONNULL = YES;
				CLANG_ANALYZER_NUMBER_OBJECT_CONVERSION = YES_AGGRESSIVE;
				CLANG_CXX_LANGUAGE_STANDARD = "gnu++17";
				CLANG_CXX_LIBRARY = "libc++";
				CLANG_ENABLE_MODULES = YES;
				CLANG_ENABLE_OBJC_ARC = YES;
				CLANG_ENABLE_OBJC_WEAK = YES;
				CLANG_WARN_BLOCK_CAPTURE_AUTORELEASING = YES;
				CLANG_WARN_BOOL_CONVERSION = YES;
				CLANG_WARN_COMMA = YES;
				CLANG_WARN_CONSTANT_CONVERSION = YES;
				CLANG_WARN_DEPRECATED_OBJC_IMPLEMENTATIONS = YES;
				CLANG_WARN_DIRECT_OBJC_ISA_USAGE = YES_ERROR;
				CLANG_WARN_DOCUMENTATION_COMMENTS = YES;
				CLANG_WARN_EMPTY_BODY = YES;
				CLANG_WARN_ENUM_CONVERSION = YES;
				CLANG_WARN_INFINITE_RECURSION = YES;
				CLANG_WARN_INT_CONVERSION = YES;
				CLANG_WARN_NON_LITERAL_NULL_CONVERSION = YES;
				CLANG_WARN_OBJC_IMPLICIT_RETAIN_SELF = YES;
				CLANG_WARN_OBJC_LITERAL_CONVERSION = YES;
				CLANG_WARN_OBJC_ROOT_CLASS = YES_ERROR;
				CLANG_WARN_QUOTED_INCLUDE_IN_FRAMEWORK_HEADER = YES;
				CLANG_WARN_RANGE_LOOP_ANALYSIS = YES;
				CLANG_WARN_STRICT_PROTOTYPES = YES;
				CLANG_WARN_SUSPICIOUS_MOVE = YES;
				CLANG_WARN_UNGUARDED_AVAILABILITY = YES_AGGRESSIVE;
				CLANG_WARN_UNREACHABLE_CODE = YES;
				CLANG_WARN__DUPLICATE_METHOD_MATCH = YES;
				COPY_PHASE_STRIP = NO;
				DEBUG_INFORMATION_FORMAT = "dwarf-with-dsym";
				ENABLE_NS_ASSERTIONS = NO;
				ENABLE_STRICT_OBJC_MSGSEND = YES;
				GCC_C_LANGUAGE_STANDARD = gnu11;
				GCC_NO_COMMON_BLOCKS = YES;
				GCC_WARN_64_TO_32_BIT_CONVERSION = YES;
				GCC_WARN_ABOUT_RETURN_TYPE = YES_ERROR;
				GCC_WARN_UNDECLARED_SELECTOR = YES;
				GCC_WARN_UNINITIALIZED_AUTOS = YES_AGGRESSIVE;
				GCC_WARN_UNUSED_FUNCTION = YES;
				GCC_WARN_UNUSED_VARIABLE = YES;
				IPHONEOS_DEPLOYMENT_TARGET = 15.0;
				MTL_ENABLE_DEBUG_INFO = NO;
				MTL_FAST_MATH = YES;
				SDKROOT = iphoneos;
				SWIFT_COMPILATION_MODE = wholemodule;
				SWIFT_OPTIMIZATION_LEVEL = "-O";
				VALIDATE_PRODUCT = YES;
			};
			name = Release;
		};
		EDABEFCC274E67AF0031DE5A /* Debug */ = {
			isa = XCBuildConfiguration;
			buildSettings = {
				ASSETCATALOG_COMPILER_APPICON_NAME = AppIcon;
				ASSETCATALOG_COMPILER_GLOBAL_ACCENT_COLOR_NAME = AccentColor;
				CODE_SIGN_STYLE = Automatic;
				CURRENT_PROJECT_VERSION = 1;
				GENERATE_INFOPLIST_FILE = YES;
				INFOPLIST_FILE = "Factory_tutorial2/Supporting files/Info.plist";
				INFOPLIST_KEY_UIApplicationSupportsIndirectInputEvents = YES;
				INFOPLIST_KEY_UILaunchStoryboardName = LaunchScreen;
				INFOPLIST_KEY_UIMainStoryboardFile = Main;
				INFOPLIST_KEY_UISupportedInterfaceOrientations_iPad = "UIInterfaceOrientationPortrait UIInterfaceOrientationPortraitUpsideDown UIInterfaceOrientationLandscapeLeft UIInterfaceOrientationLandscapeRight";
				INFOPLIST_KEY_UISupportedInterfaceOrientations_iPhone = "UIInterfaceOrientationPortrait UIInterfaceOrientationLandscapeLeft UIInterfaceOrientationLandscapeRight";
				LD_RUNPATH_SEARCH_PATHS = (
					"$(inherited)",
					"@executable_path/Frameworks",
				);
				MARKETING_VERSION = 1.0;
				PRODUCT_BUNDLE_IDENTIFIER = "com.tiekle.Factory-tutorial2";
				PRODUCT_NAME = "$(TARGET_NAME)";
				SWIFT_EMIT_LOC_STRINGS = YES;
				SWIFT_VERSION = 5.0;
				TARGETED_DEVICE_FAMILY = "1,2";
			};
			name = Debug;
		};
		EDABEFCD274E67AF0031DE5A /* Release */ = {
			isa = XCBuildConfiguration;
			buildSettings = {
				ASSETCATALOG_COMPILER_APPICON_NAME = AppIcon;
				ASSETCATALOG_COMPILER_GLOBAL_ACCENT_COLOR_NAME = AccentColor;
				CODE_SIGN_STYLE = Automatic;
				CURRENT_PROJECT_VERSION = 1;
				GENERATE_INFOPLIST_FILE = YES;
				INFOPLIST_FILE = "Factory_tutorial2/Supporting files/Info.plist";
				INFOPLIST_KEY_UIApplicationSupportsIndirectInputEvents = YES;
				INFOPLIST_KEY_UILaunchStoryboardName = LaunchScreen;
				INFOPLIST_KEY_UIMainStoryboardFile = Main;
				INFOPLIST_KEY_UISupportedInterfaceOrientations_iPad = "UIInterfaceOrientationPortrait UIInterfaceOrientationPortraitUpsideDown UIInterfaceOrientationLandscapeLeft UIInterfaceOrientationLandscapeRight";
				INFOPLIST_KEY_UISupportedInterfaceOrientations_iPhone = "UIInterfaceOrientationPortrait UIInterfaceOrientationLandscapeLeft UIInterfaceOrientationLandscapeRight";
				LD_RUNPATH_SEARCH_PATHS = (
					"$(inherited)",
					"@executable_path/Frameworks",
				);
				MARKETING_VERSION = 1.0;
				PRODUCT_BUNDLE_IDENTIFIER = "com.tiekle.Factory-tutorial2";
				PRODUCT_NAME = "$(TARGET_NAME)";
				SWIFT_EMIT_LOC_STRINGS = YES;
				SWIFT_VERSION = 5.0;
				TARGETED_DEVICE_FAMILY = "1,2";
			};
			name = Release;
		};
/* End XCBuildConfiguration section */

/* Begin XCConfigurationList section */
		EDABEFB2274E67AD0031DE5A /* Build configuration list for PBXProject "Factory_tutorial2" */ = {
			isa = XCConfigurationList;
			buildConfigurations = (
				EDABEFC9274E67AF0031DE5A /* Debug */,
				EDABEFCA274E67AF0031DE5A /* Release */,
			);
			defaultConfigurationIsVisible = 0;
			defaultConfigurationName = Release;
		};
		EDABEFCB274E67AF0031DE5A /* Build configuration list for PBXNativeTarget "Factory_tutorial2" */ = {
			isa = XCConfigurationList;
			buildConfigurations = (
				EDABEFCC274E67AF0031DE5A /* Debug */,
				EDABEFCD274E67AF0031DE5A /* Release */,
			);
			defaultConfigurationIsVisible = 0;
			defaultConfigurationName = Release;
		};
/* End XCConfigurationList section */
	};
	rootObject = EDABEFAF274E67AD0031DE5A /* Project object */;
}
