// !$*UTF8*$!
{
	archiveVersion = 1;
	classes = {
	};
	objectVersion = 50;
	objects = {

/* Begin PBXBuildFile section */
		EDCB2A49265B285B00F183A2 /* AppDelegate.swift in Sources */ = {isa = PBXBuildFile; fileRef = EDCB2A48265B285B00F183A2 /* AppDelegate.swift */; };
		EDCB2A4B265B285B00F183A2 /* SceneDelegate.swift in Sources */ = {isa = PBXBuildFile; fileRef = EDCB2A4A265B285B00F183A2 /* SceneDelegate.swift */; };
		EDCB2A4D265B285B00F183A2 /* ViewController.swift in Sources */ = {isa = PBXBuildFile; fileRef = EDCB2A4C265B285B00F183A2 /* ViewController.swift */; };
		EDCB2A50265B285B00F183A2 /* Main.storyboard in Resources */ = {isa = PBXBuildFile; fileRef = EDCB2A4E265B285B00F183A2 /* Main.storyboard */; };
		EDCB2A52265B285C00F183A2 /* Assets.xcassets in Resources */ = {isa = PBXBuildFile; fileRef = EDCB2A51265B285C00F183A2 /* Assets.xcassets */; };
		EDCB2A55265B285C00F183A2 /* LaunchScreen.storyboard in Resources */ = {isa = PBXBuildFile; fileRef = EDCB2A53265B285C00F183A2 /* LaunchScreen.storyboard */; };
		EDCB2A61265B2B6800F183A2 /* Concentration.swift in Sources */ = {isa = PBXBuildFile; fileRef = EDCB2A60265B2B6800F183A2 /* Concentration.swift */; };
		EDCB2A63265B2C5600F183A2 /* Card.swift in Sources */ = {isa = PBXBuildFile; fileRef = EDCB2A62265B2C5600F183A2 /* Card.swift */; };
/* End PBXBuildFile section */

/* Begin PBXFileReference section */
		EDCB2A45265B285B00F183A2 /* MVC_tutorial_#2.app */ = {isa = PBXFileReference; explicitFileType = wrapper.application; includeInIndex = 0; path = "MVC_tutorial_#2.app"; sourceTree = BUILT_PRODUCTS_DIR; };
		EDCB2A48265B285B00F183A2 /* AppDelegate.swift */ = {isa = PBXFileReference; lastKnownFileType = sourcecode.swift; path = AppDelegate.swift; sourceTree = "<group>"; };
		EDCB2A4A265B285B00F183A2 /* SceneDelegate.swift */ = {isa = PBXFileReference; lastKnownFileType = sourcecode.swift; path = SceneDelegate.swift; sourceTree = "<group>"; };
		EDCB2A4C265B285B00F183A2 /* ViewController.swift */ = {isa = PBXFileReference; lastKnownFileType = sourcecode.swift; path = ViewController.swift; sourceTree = "<group>"; };
		EDCB2A4F265B285B00F183A2 /* Base */ = {isa = PBXFileReference; lastKnownFileType = file.storyboard; name = Base; path = Base.lproj/Main.storyboard; sourceTree = "<group>"; };
		EDCB2A51265B285C00F183A2 /* Assets.xcassets */ = {isa = PBXFileReference; lastKnownFileType = folder.assetcatalog; path = Assets.xcassets; sourceTree = "<group>"; };
		EDCB2A54265B285C00F183A2 /* Base */ = {isa = PBXFileReference; lastKnownFileType = file.storyboard; name = Base; path = Base.lproj/LaunchScreen.storyboard; sourceTree = "<group>"; };
		EDCB2A56265B285C00F183A2 /* Info.plist */ = {isa = PBXFileReference; lastKnownFileType = text.plist.xml; path = Info.plist; sourceTree = "<group>"; };
		EDCB2A60265B2B6800F183A2 /* Concentration.swift */ = {isa = PBXFileReference; lastKnownFileType = sourcecode.swift; path = Concentration.swift; sourceTree = "<group>"; };
		EDCB2A62265B2C5600F183A2 /* Card.swift */ = {isa = PBXFileReference; lastKnownFileType = sourcecode.swift; path = Card.swift; sourceTree = "<group>"; };
/* End PBXFileReference section */

/* Begin PBXFrameworksBuildPhase section */
		EDCB2A42265B285B00F183A2 /* Frameworks */ = {
			isa = PBXFrameworksBuildPhase;
			buildActionMask = 2147483647;
			files = (
			);
			runOnlyForDeploymentPostprocessing = 0;
		};
/* End PBXFrameworksBuildPhase section */

/* Begin PBXGroup section */
		EDCB2A3C265B285B00F183A2 = {
			isa = PBXGroup;
			children = (
				EDCB2A47265B285B00F183A2 /* MVC_tutorial_#2 */,
				EDCB2A46265B285B00F183A2 /* Products */,
			);
			sourceTree = "<group>";
		};
		EDCB2A46265B285B00F183A2 /* Products */ = {
			isa = PBXGroup;
			children = (
				EDCB2A45265B285B00F183A2 /* MVC_tutorial_#2.app */,
			);
			name = Products;
			sourceTree = "<group>";
		};
		EDCB2A47265B285B00F183A2 /* MVC_tutorial_#2 */ = {
			isa = PBXGroup;
			children = (
				EDCB2A5F265B2AA100F183A2 /* Support */,
				EDCB2A5D265B2A9900F183A2 /* Model */,
				EDCB2A5E265B2A9E00F183A2 /* View */,
				EDCB2A5C265B2A8300F183A2 /* Controller */,
				EDCB2A51265B285C00F183A2 /* Assets.xcassets */,
				EDCB2A53265B285C00F183A2 /* LaunchScreen.storyboard */,
				EDCB2A56265B285C00F183A2 /* Info.plist */,
			);
			path = "MVC_tutorial_#2";
			sourceTree = "<group>";
		};
		EDCB2A5C265B2A8300F183A2 /* Controller */ = {
			isa = PBXGroup;
			children = (
				EDCB2A4C265B285B00F183A2 /* ViewController.swift */,
			);
			path = Controller;
			sourceTree = "<group>";
		};
		EDCB2A5D265B2A9900F183A2 /* Model */ = {
			isa = PBXGroup;
			children = (
				EDCB2A60265B2B6800F183A2 /* Concentration.swift */,
				EDCB2A62265B2C5600F183A2 /* Card.swift */,
			);
			path = Model;
			sourceTree = "<group>";
		};
		EDCB2A5E265B2A9E00F183A2 /* View */ = {
			isa = PBXGroup;
			children = (
				EDCB2A4E265B285B00F183A2 /* Main.storyboard */,
			);
			path = View;
			sourceTree = "<group>";
		};
		EDCB2A5F265B2AA100F183A2 /* Support */ = {
			isa = PBXGroup;
			children = (
				EDCB2A48265B285B00F183A2 /* AppDelegate.swift */,
				EDCB2A4A265B285B00F183A2 /* SceneDelegate.swift */,
			);
			path = Support;
			sourceTree = "<group>";
		};
/* End PBXGroup section */

/* Begin PBXNativeTarget section */
		EDCB2A44265B285B00F183A2 /* MVC_tutorial_#2 */ = {
			isa = PBXNativeTarget;
			buildConfigurationList = EDCB2A59265B285C00F183A2 /* Build configuration list for PBXNativeTarget "MVC_tutorial_#2" */;
			buildPhases = (
				EDCB2A41265B285B00F183A2 /* Sources */,
				EDCB2A42265B285B00F183A2 /* Frameworks */,
				EDCB2A43265B285B00F183A2 /* Resources */,
			);
			buildRules = (
			);
			dependencies = (
			);
			name = "MVC_tutorial_#2";
			productName = "MVC_tutorial_#2";
			productReference = EDCB2A45265B285B00F183A2 /* MVC_tutorial_#2.app */;
			productType = "com.apple.product-type.application";
		};
/* End PBXNativeTarget section */

/* Begin PBXProject section */
		EDCB2A3D265B285B00F183A2 /* Project object */ = {
			isa = PBXProject;
			attributes = {
				LastSwiftUpdateCheck = 1250;
				LastUpgradeCheck = 1250;
				TargetAttributes = {
					EDCB2A44265B285B00F183A2 = {
						CreatedOnToolsVersion = 12.5;
					};
				};
			};
			buildConfigurationList = EDCB2A40265B285B00F183A2 /* Build configuration list for PBXProject "MVC_tutorial_#2" */;
			compatibilityVersion = "Xcode 9.3";
			developmentRegion = en;
			hasScannedForEncodings = 0;
			knownRegions = (
				en,
				Base,
			);
			mainGroup = EDCB2A3C265B285B00F183A2;
			productRefGroup = EDCB2A46265B285B00F183A2 /* Products */;
			projectDirPath = "";
			projectRoot = "";
			targets = (
				EDCB2A44265B285B00F183A2 /* MVC_tutorial_#2 */,
			);
		};
/* End PBXProject section */

/* Begin PBXResourcesBuildPhase section */
		EDCB2A43265B285B00F183A2 /* Resources */ = {
			isa = PBXResourcesBuildPhase;
			buildActionMask = 2147483647;
			files = (
				EDCB2A55265B285C00F183A2 /* LaunchScreen.storyboard in Resources */,
				EDCB2A52265B285C00F183A2 /* Assets.xcassets in Resources */,
				EDCB2A50265B285B00F183A2 /* Main.storyboard in Resources */,
			);
			runOnlyForDeploymentPostprocessing = 0;
		};
/* End PBXResourcesBuildPhase section */

/* Begin PBXSourcesBuildPhase section */
		EDCB2A41265B285B00F183A2 /* Sources */ = {
			isa = PBXSourcesBuildPhase;
			buildActionMask = 2147483647;
			files = (
				EDCB2A4D265B285B00F183A2 /* ViewController.swift in Sources */,
				EDCB2A61265B2B6800F183A2 /* Concentration.swift in Sources */,
				EDCB2A63265B2C5600F183A2 /* Card.swift in Sources */,
				EDCB2A49265B285B00F183A2 /* AppDelegate.swift in Sources */,
				EDCB2A4B265B285B00F183A2 /* SceneDelegate.swift in Sources */,
			);
			runOnlyForDeploymentPostprocessing = 0;
		};
/* End PBXSourcesBuildPhase section */

/* Begin PBXVariantGroup section */
		EDCB2A4E265B285B00F183A2 /* Main.storyboard */ = {
			isa = PBXVariantGroup;
			children = (
				EDCB2A4F265B285B00F183A2 /* Base */,
			);
			name = Main.storyboard;
			sourceTree = "<group>";
		};
		EDCB2A53265B285C00F183A2 /* LaunchScreen.storyboard */ = {
			isa = PBXVariantGroup;
			children = (
				EDCB2A54265B285C00F183A2 /* Base */,
			);
			name = LaunchScreen.storyboard;
			sourceTree = "<group>";
		};
/* End PBXVariantGroup section */

/* Begin XCBuildConfiguration section */
		EDCB2A57265B285C00F183A2 /* Debug */ = {
			isa = XCBuildConfiguration;
			buildSettings = {
				ALWAYS_SEARCH_USER_PATHS = NO;
				CLANG_ANALYZER_NONNULL = YES;
				CLANG_ANALYZER_NUMBER_OBJECT_CONVERSION = YES_AGGRESSIVE;
				CLANG_CXX_LANGUAGE_STANDARD = "gnu++14";
				CLANG_CXX_LIBRARY = "libc++";
				CLANG_ENABLE_MODULES = YES;
				CLANG_ENABLE_OBJC_ARC = YES;
				CLANG_ENABLE_OBJC_WEAK = YES;
				CLANG_WARN_BLOCK_CAPTURE_AUTORELEASING = YES;
				CLANG_WARN_BOOL_CONVERSION = YES;
				CLANG_WARN_COMMA = YES;
				CLANG_WARN_CONSTANT_CONVERSION = YES;
				CLANG_WARN_DEPRECATED_OBJC_IMPLEMENTATIONS = YES;
				CLANG_WARN_DIRECT_OBJC_ISA_USAGE = YES_ERROR;
				CLANG_WARN_DOCUMENTATION_COMMENTS = YES;
				CLANG_WARN_EMPTY_BODY = YES;
				CLANG_WARN_ENUM_CONVERSION = YES;
				CLANG_WARN_INFINITE_RECURSION = YES;
				CLANG_WARN_INT_CONVERSION = YES;
				CLANG_WARN_NON_LITERAL_NULL_CONVERSION = YES;
				CLANG_WARN_OBJC_IMPLICIT_RETAIN_SELF = YES;
				CLANG_WARN_OBJC_LITERAL_CONVERSION = YES;
				CLANG_WARN_OBJC_ROOT_CLASS = YES_ERROR;
				CLANG_WARN_QUOTED_INCLUDE_IN_FRAMEWORK_HEADER = YES;
				CLANG_WARN_RANGE_LOOP_ANALYSIS = YES;
				CLANG_WARN_STRICT_PROTOTYPES = YES;
				CLANG_WARN_SUSPICIOUS_MOVE = YES;
				CLANG_WARN_UNGUARDED_AVAILABILITY = YES_AGGRESSIVE;
				CLANG_WARN_UNREACHABLE_CODE = YES;
				CLANG_WARN__DUPLICATE_METHOD_MATCH = YES;
				COPY_PHASE_STRIP = NO;
				DEBUG_INFORMATION_FORMAT = dwarf;
				ENABLE_STRICT_OBJC_MSGSEND = YES;
				ENABLE_TESTABILITY = YES;
				GCC_C_LANGUAGE_STANDARD = gnu11;
				GCC_DYNAMIC_NO_PIC = NO;
				GCC_NO_COMMON_BLOCKS = YES;
				GCC_OPTIMIZATION_LEVEL = 0;
				GCC_PREPROCESSOR_DEFINITIONS = (
					"DEBUG=1",
					"$(inherited)",
				);
				GCC_WARN_64_TO_32_BIT_CONVERSION = YES;
				GCC_WARN_ABOUT_RETURN_TYPE = YES_ERROR;
				GCC_WARN_UNDECLARED_SELECTOR = YES;
				GCC_WARN_UNINITIALIZED_AUTOS = YES_AGGRESSIVE;
				GCC_WARN_UNUSED_FUNCTION = YES;
				GCC_WARN_UNUSED_VARIABLE = YES;
				IPHONEOS_DEPLOYMENT_TARGET = 14.5;
				MTL_ENABLE_DEBUG_INFO = INCLUDE_SOURCE;
				MTL_FAST_MATH = YES;
				ONLY_ACTIVE_ARCH = YES;
				SDKROOT = iphoneos;
				SWIFT_ACTIVE_COMPILATION_CONDITIONS = DEBUG;
				SWIFT_OPTIMIZATION_LEVEL = "-Onone";
			};
			name = Debug;
		};
		EDCB2A58265B285C00F183A2 /* Release */ = {
			isa = XCBuildConfiguration;
			buildSettings = {
				ALWAYS_SEARCH_USER_PATHS = NO;
				CLANG_ANALYZER_NONNULL = YES;
				CLANG_ANALYZER_NUMBER_OBJECT_CONVERSION = YES_AGGRESSIVE;
				CLANG_CXX_LANGUAGE_STANDARD = "gnu++14";
				CLANG_CXX_LIBRARY = "libc++";
				CLANG_ENABLE_MODULES = YES;
				CLANG_ENABLE_OBJC_ARC = YES;
				CLANG_ENABLE_OBJC_WEAK = YES;
				CLANG_WARN_BLOCK_CAPTURE_AUTORELEASING = YES;
				CLANG_WARN_BOOL_CONVERSION = YES;
				CLANG_WARN_COMMA = YES;
				CLANG_WARN_CONSTANT_CONVERSION = YES;
				CLANG_WARN_DEPRECATED_OBJC_IMPLEMENTATIONS = YES;
				CLANG_WARN_DIRECT_OBJC_ISA_USAGE = YES_ERROR;
				CLANG_WARN_DOCUMENTATION_COMMENTS = YES;
				CLANG_WARN_EMPTY_BODY = YES;
				CLANG_WARN_ENUM_CONVERSION = YES;
				CLANG_WARN_INFINITE_RECURSION = YES;
				CLANG_WARN_INT_CONVERSION = YES;
				CLANG_WARN_NON_LITERAL_NULL_CONVERSION = YES;
				CLANG_WARN_OBJC_IMPLICIT_RETAIN_SELF = YES;
				CLANG_WARN_OBJC_LITERAL_CONVERSION = YES;
				CLANG_WARN_OBJC_ROOT_CLASS = YES_ERROR;
				CLANG_WARN_QUOTED_INCLUDE_IN_FRAMEWORK_HEADER = YES;
				CLANG_WARN_RANGE_LOOP_ANALYSIS = YES;
				CLANG_WARN_STRICT_PROTOTYPES = YES;
				CLANG_WARN_SUSPICIOUS_MOVE = YES;
				CLANG_WARN_UNGUARDED_AVAILABILITY = YES_AGGRESSIVE;
				CLANG_WARN_UNREACHABLE_CODE = YES;
				CLANG_WARN__DUPLICATE_METHOD_MATCH = YES;
				COPY_PHASE_STRIP = NO;
				DEBUG_INFORMATION_FORMAT = "dwarf-with-dsym";
				ENABLE_NS_ASSERTIONS = NO;
				ENABLE_STRICT_OBJC_MSGSEND = YES;
				GCC_C_LANGUAGE_STANDARD = gnu11;
				GCC_NO_COMMON_BLOCKS = YES;
				GCC_WARN_64_TO_32_BIT_CONVERSION = YES;
				GCC_WARN_ABOUT_RETURN_TYPE = YES_ERROR;
				GCC_WARN_UNDECLARED_SELECTOR = YES;
				GCC_WARN_UNINITIALIZED_AUTOS = YES_AGGRESSIVE;
				GCC_WARN_UNUSED_FUNCTION = YES;
				GCC_WARN_UNUSED_VARIABLE = YES;
				IPHONEOS_DEPLOYMENT_TARGET = 14.5;
				MTL_ENABLE_DEBUG_INFO = NO;
				MTL_FAST_MATH = YES;
				SDKROOT = iphoneos;
				SWIFT_COMPILATION_MODE = wholemodule;
				SWIFT_OPTIMIZATION_LEVEL = "-O";
				VALIDATE_PRODUCT = YES;
			};
			name = Release;
		};
		EDCB2A5A265B285C00F183A2 /* Debug */ = {
			isa = XCBuildConfiguration;
			buildSettings = {
				ASSETCATALOG_COMPILER_APPICON_NAME = AppIcon;
				ASSETCATALOG_COMPILER_GLOBAL_ACCENT_COLOR_NAME = AccentColor;
				CODE_SIGN_STYLE = Automatic;
				INFOPLIST_FILE = "MVC_tutorial_#2/Info.plist";
				LD_RUNPATH_SEARCH_PATHS = (
					"$(inherited)",
					"@executable_path/Frameworks",
				);
				PRODUCT_BUNDLE_IDENTIFIER = "com.tiekle.MVC-tutorial--2";
				PRODUCT_NAME = "$(TARGET_NAME)";
				SWIFT_VERSION = 5.0;
				TARGETED_DEVICE_FAMILY = "1,2";
			};
			name = Debug;
		};
		EDCB2A5B265B285C00F183A2 /* Release */ = {
			isa = XCBuildConfiguration;
			buildSettings = {
				ASSETCATALOG_COMPILER_APPICON_NAME = AppIcon;
				ASSETCATALOG_COMPILER_GLOBAL_ACCENT_COLOR_NAME = AccentColor;
				CODE_SIGN_STYLE = Automatic;
				INFOPLIST_FILE = "MVC_tutorial_#2/Info.plist";
				LD_RUNPATH_SEARCH_PATHS = (
					"$(inherited)",
					"@executable_path/Frameworks",
				);
				PRODUCT_BUNDLE_IDENTIFIER = "com.tiekle.MVC-tutorial--2";
				PRODUCT_NAME = "$(TARGET_NAME)";
				SWIFT_VERSION = 5.0;
				TARGETED_DEVICE_FAMILY = "1,2";
			};
			name = Release;
		};
/* End XCBuildConfiguration section */

/* Begin XCConfigurationList section */
		EDCB2A40265B285B00F183A2 /* Build configuration list for PBXProject "MVC_tutorial_#2" */ = {
			isa = XCConfigurationList;
			buildConfigurations = (
				EDCB2A57265B285C00F183A2 /* Debug */,
				EDCB2A58265B285C00F183A2 /* Release */,
			);
			defaultConfigurationIsVisible = 0;
			defaultConfigurationName = Release;
		};
		EDCB2A59265B285C00F183A2 /* Build configuration list for PBXNativeTarget "MVC_tutorial_#2" */ = {
			isa = XCConfigurationList;
			buildConfigurations = (
				EDCB2A5A265B285C00F183A2 /* Debug */,
				EDCB2A5B265B285C00F183A2 /* Release */,
			);
			defaultConfigurationIsVisible = 0;
			defaultConfigurationName = Release;
		};
/* End XCConfigurationList section */
	};
	rootObject = EDCB2A3D265B285B00F183A2 /* Project object */;
}
