// !$*UTF8*$!
{
	archiveVersion = 1;
	classes = {
	};
	objectVersion = 55;
	objects = {

/* Begin PBXBuildFile section */
		ED66787427577AC9007AC51F /* AppDelegate.swift in Sources */ = {isa = PBXBuildFile; fileRef = ED66787327577AC9007AC51F /* AppDelegate.swift */; };
		ED66787627577AC9007AC51F /* SceneDelegate.swift in Sources */ = {isa = PBXBuildFile; fileRef = ED66787527577AC9007AC51F /* SceneDelegate.swift */; };
		ED66787827577AC9007AC51F /* ViewController.swift in Sources */ = {isa = PBXBuildFile; fileRef = ED66787727577AC9007AC51F /* ViewController.swift */; };
		ED66787B27577AC9007AC51F /* Main.storyboard in Resources */ = {isa = PBXBuildFile; fileRef = ED66787927577AC9007AC51F /* Main.storyboard */; };
		ED66787D27577ACB007AC51F /* Assets.xcassets in Resources */ = {isa = PBXBuildFile; fileRef = ED66787C27577ACB007AC51F /* Assets.xcassets */; };
		ED66788027577ACB007AC51F /* LaunchScreen.storyboard in Resources */ = {isa = PBXBuildFile; fileRef = ED66787E27577ACB007AC51F /* LaunchScreen.storyboard */; };
		ED66788827577ADC007AC51F /* LoginService.swift in Sources */ = {isa = PBXBuildFile; fileRef = ED66788727577ADC007AC51F /* LoginService.swift */; };
		ED66788A27577C59007AC51F /* NaverAccountAdapter.swift in Sources */ = {isa = PBXBuildFile; fileRef = ED66788927577C59007AC51F /* NaverAccountAdapter.swift */; };
		ED66788C27577D38007AC51F /* KakaoAccountAdapter.swift in Sources */ = {isa = PBXBuildFile; fileRef = ED66788B27577D38007AC51F /* KakaoAccountAdapter.swift */; };
/* End PBXBuildFile section */

/* Begin PBXFileReference section */
		ED66787027577AC9007AC51F /* Login-Adapter.app */ = {isa = PBXFileReference; explicitFileType = wrapper.application; includeInIndex = 0; path = "Login-Adapter.app"; sourceTree = BUILT_PRODUCTS_DIR; };
		ED66787327577AC9007AC51F /* AppDelegate.swift */ = {isa = PBXFileReference; lastKnownFileType = sourcecode.swift; path = AppDelegate.swift; sourceTree = "<group>"; };
		ED66787527577AC9007AC51F /* SceneDelegate.swift */ = {isa = PBXFileReference; lastKnownFileType = sourcecode.swift; path = SceneDelegate.swift; sourceTree = "<group>"; };
		ED66787727577AC9007AC51F /* ViewController.swift */ = {isa = PBXFileReference; lastKnownFileType = sourcecode.swift; path = ViewController.swift; sourceTree = "<group>"; };
		ED66787A27577AC9007AC51F /* Base */ = {isa = PBXFileReference; lastKnownFileType = file.storyboard; name = Base; path = Base.lproj/Main.storyboard; sourceTree = "<group>"; };
		ED66787C27577ACB007AC51F /* Assets.xcassets */ = {isa = PBXFileReference; lastKnownFileType = folder.assetcatalog; path = Assets.xcassets; sourceTree = "<group>"; };
		ED66787F27577ACB007AC51F /* Base */ = {isa = PBXFileReference; lastKnownFileType = file.storyboard; name = Base; path = Base.lproj/LaunchScreen.storyboard; sourceTree = "<group>"; };
		ED66788127577ACB007AC51F /* Info.plist */ = {isa = PBXFileReference; lastKnownFileType = text.plist.xml; path = Info.plist; sourceTree = "<group>"; };
		ED66788727577ADC007AC51F /* LoginService.swift */ = {isa = PBXFileReference; lastKnownFileType = sourcecode.swift; path = LoginService.swift; sourceTree = "<group>"; };
		ED66788927577C59007AC51F /* NaverAccountAdapter.swift */ = {isa = PBXFileReference; lastKnownFileType = sourcecode.swift; path = NaverAccountAdapter.swift; sourceTree = "<group>"; };
		ED66788B27577D38007AC51F /* KakaoAccountAdapter.swift */ = {isa = PBXFileReference; lastKnownFileType = sourcecode.swift; path = KakaoAccountAdapter.swift; sourceTree = "<group>"; };
/* End PBXFileReference section */

/* Begin PBXFrameworksBuildPhase section */
		ED66786D27577AC9007AC51F /* Frameworks */ = {
			isa = PBXFrameworksBuildPhase;
			buildActionMask = 2147483647;
			files = (
			);
			runOnlyForDeploymentPostprocessing = 0;
		};
/* End PBXFrameworksBuildPhase section */

/* Begin PBXGroup section */
		ED66786727577AC9007AC51F = {
			isa = PBXGroup;
			children = (
				ED66787227577AC9007AC51F /* Login-Adapter */,
				ED66787127577AC9007AC51F /* Products */,
			);
			sourceTree = "<group>";
		};
		ED66787127577AC9007AC51F /* Products */ = {
			isa = PBXGroup;
			children = (
				ED66787027577AC9007AC51F /* Login-Adapter.app */,
			);
			name = Products;
			sourceTree = "<group>";
		};
		ED66787227577AC9007AC51F /* Login-Adapter */ = {
			isa = PBXGroup;
			children = (
				ED66787327577AC9007AC51F /* AppDelegate.swift */,
				ED66787527577AC9007AC51F /* SceneDelegate.swift */,
				ED66787727577AC9007AC51F /* ViewController.swift */,
				ED66787927577AC9007AC51F /* Main.storyboard */,
				ED66787C27577ACB007AC51F /* Assets.xcassets */,
				ED66787E27577ACB007AC51F /* LaunchScreen.storyboard */,
				ED66788127577ACB007AC51F /* Info.plist */,
				ED66788727577ADC007AC51F /* LoginService.swift */,
				ED66788927577C59007AC51F /* NaverAccountAdapter.swift */,
				ED66788B27577D38007AC51F /* KakaoAccountAdapter.swift */,
			);
			path = "Login-Adapter";
			sourceTree = "<group>";
		};
/* End PBXGroup section */

/* Begin PBXNativeTarget section */
		ED66786F27577AC9007AC51F /* Login-Adapter */ = {
			isa = PBXNativeTarget;
			buildConfigurationList = ED66788427577ACB007AC51F /* Build configuration list for PBXNativeTarget "Login-Adapter" */;
			buildPhases = (
				ED66786C27577AC9007AC51F /* Sources */,
				ED66786D27577AC9007AC51F /* Frameworks */,
				ED66786E27577AC9007AC51F /* Resources */,
			);
			buildRules = (
			);
			dependencies = (
			);
			name = "Login-Adapter";
			productName = "Login-Adapter";
			productReference = ED66787027577AC9007AC51F /* Login-Adapter.app */;
			productType = "com.apple.product-type.application";
		};
/* End PBXNativeTarget section */

/* Begin PBXProject section */
		ED66786827577AC9007AC51F /* Project object */ = {
			isa = PBXProject;
			attributes = {
				BuildIndependentTargetsInParallel = 1;
				LastSwiftUpdateCheck = 1310;
				LastUpgradeCheck = 1310;
				TargetAttributes = {
					ED66786F27577AC9007AC51F = {
						CreatedOnToolsVersion = 13.1;
					};
				};
			};
			buildConfigurationList = ED66786B27577AC9007AC51F /* Build configuration list for PBXProject "Login-Adapter" */;
			compatibilityVersion = "Xcode 13.0";
			developmentRegion = en;
			hasScannedForEncodings = 0;
			knownRegions = (
				en,
				Base,
			);
			mainGroup = ED66786727577AC9007AC51F;
			productRefGroup = ED66787127577AC9007AC51F /* Products */;
			projectDirPath = "";
			projectRoot = "";
			targets = (
				ED66786F27577AC9007AC51F /* Login-Adapter */,
			);
		};
/* End PBXProject section */

/* Begin PBXResourcesBuildPhase section */
		ED66786E27577AC9007AC51F /* Resources */ = {
			isa = PBXResourcesBuildPhase;
			buildActionMask = 2147483647;
			files = (
				ED66788027577ACB007AC51F /* LaunchScreen.storyboard in Resources */,
				ED66787D27577ACB007AC51F /* Assets.xcassets in Resources */,
				ED66787B27577AC9007AC51F /* Main.storyboard in Resources */,
			);
			runOnlyForDeploymentPostprocessing = 0;
		};
/* End PBXResourcesBuildPhase section */

/* Begin PBXSourcesBuildPhase section */
		ED66786C27577AC9007AC51F /* Sources */ = {
			isa = PBXSourcesBuildPhase;
			buildActionMask = 2147483647;
			files = (
				ED66788A27577C59007AC51F /* NaverAccountAdapter.swift in Sources */,
				ED66787827577AC9007AC51F /* ViewController.swift in Sources */,
				ED66787427577AC9007AC51F /* AppDelegate.swift in Sources */,
				ED66788C27577D38007AC51F /* KakaoAccountAdapter.swift in Sources */,
				ED66787627577AC9007AC51F /* SceneDelegate.swift in Sources */,
				ED66788827577ADC007AC51F /* LoginService.swift in Sources */,
			);
			runOnlyForDeploymentPostprocessing = 0;
		};
/* End PBXSourcesBuildPhase section */

/* Begin PBXVariantGroup section */
		ED66787927577AC9007AC51F /* Main.storyboard */ = {
			isa = PBXVariantGroup;
			children = (
				ED66787A27577AC9007AC51F /* Base */,
			);
			name = Main.storyboard;
			sourceTree = "<group>";
		};
		ED66787E27577ACB007AC51F /* LaunchScreen.storyboard */ = {
			isa = PBXVariantGroup;
			children = (
				ED66787F27577ACB007AC51F /* Base */,
			);
			name = LaunchScreen.storyboard;
			sourceTree = "<group>";
		};
/* End PBXVariantGroup section */

/* Begin XCBuildConfiguration section */
		ED66788227577ACB007AC51F /* Debug */ = {
			isa = XCBuildConfiguration;
			buildSettings = {
				ALWAYS_SEARCH_USER_PATHS = NO;
				CLANG_ANALYZER_NONNULL = YES;
				CLANG_ANALYZER_NUMBER_OBJECT_CONVERSION = YES_AGGRESSIVE;
				CLANG_CXX_LANGUAGE_STANDARD = "gnu++17";
				CLANG_CXX_LIBRARY = "libc++";
				CLANG_ENABLE_MODULES = YES;
				CLANG_ENABLE_OBJC_ARC = YES;
				CLANG_ENABLE_OBJC_WEAK = YES;
				CLANG_WARN_BLOCK_CAPTURE_AUTORELEASING = YES;
				CLANG_WARN_BOOL_CONVERSION = YES;
				CLANG_WARN_COMMA = YES;
				CLANG_WARN_CONSTANT_CONVERSION = YES;
				CLANG_WARN_DEPRECATED_OBJC_IMPLEMENTATIONS = YES;
				CLANG_WARN_DIRECT_OBJC_ISA_USAGE = YES_ERROR;
				CLANG_WARN_DOCUMENTATION_COMMENTS = YES;
				CLANG_WARN_EMPTY_BODY = YES;
				CLANG_WARN_ENUM_CONVERSION = YES;
				CLANG_WARN_INFINITE_RECURSION = YES;
				CLANG_WARN_INT_CONVERSION = YES;
				CLANG_WARN_NON_LITERAL_NULL_CONVERSION = YES;
				CLANG_WARN_OBJC_IMPLICIT_RETAIN_SELF = YES;
				CLANG_WARN_OBJC_LITERAL_CONVERSION = YES;
				CLANG_WARN_OBJC_ROOT_CLASS = YES_ERROR;
				CLANG_WARN_QUOTED_INCLUDE_IN_FRAMEWORK_HEADER = YES;
				CLANG_WARN_RANGE_LOOP_ANALYSIS = YES;
				CLANG_WARN_STRICT_PROTOTYPES = YES;
				CLANG_WARN_SUSPICIOUS_MOVE = YES;
				CLANG_WARN_UNGUARDED_AVAILABILITY = YES_AGGRESSIVE;
				CLANG_WARN_UNREACHABLE_CODE = YES;
				CLANG_WARN__DUPLICATE_METHOD_MATCH = YES;
				COPY_PHASE_STRIP = NO;
				DEBUG_INFORMATION_FORMAT = dwarf;
				ENABLE_STRICT_OBJC_MSGSEND = YES;
				ENABLE_TESTABILITY = YES;
				GCC_C_LANGUAGE_STANDARD = gnu11;
				GCC_DYNAMIC_NO_PIC = NO;
				GCC_NO_COMMON_BLOCKS = YES;
				GCC_OPTIMIZATION_LEVEL = 0;
				GCC_PREPROCESSOR_DEFINITIONS = (
					"DEBUG=1",
					"$(inherited)",
				);
				GCC_WARN_64_TO_32_BIT_CONVERSION = YES;
				GCC_WARN_ABOUT_RETURN_TYPE = YES_ERROR;
				GCC_WARN_UNDECLARED_SELECTOR = YES;
				GCC_WARN_UNINITIALIZED_AUTOS = YES_AGGRESSIVE;
				GCC_WARN_UNUSED_FUNCTION = YES;
				GCC_WARN_UNUSED_VARIABLE = YES;
				IPHONEOS_DEPLOYMENT_TARGET = 15.0;
				MTL_ENABLE_DEBUG_INFO = INCLUDE_SOURCE;
				MTL_FAST_MATH = YES;
				ONLY_ACTIVE_ARCH = YES;
				SDKROOT = iphoneos;
				SWIFT_ACTIVE_COMPILATION_CONDITIONS = DEBUG;
				SWIFT_OPTIMIZATION_LEVEL = "-Onone";
			};
			name = Debug;
		};
		ED66788327577ACB007AC51F /* Release */ = {
			isa = XCBuildConfiguration;
			buildSettings = {
				ALWAYS_SEARCH_USER_PATHS = NO;
				CLANG_ANALYZER_NONNULL = YES;
				CLANG_ANALYZER_NUMBER_OBJECT_CONVERSION = YES_AGGRESSIVE;
				CLANG_CXX_LANGUAGE_STANDARD = "gnu++17";
				CLANG_CXX_LIBRARY = "libc++";
				CLANG_ENABLE_MODULES = YES;
				CLANG_ENABLE_OBJC_ARC = YES;
				CLANG_ENABLE_OBJC_WEAK = YES;
				CLANG_WARN_BLOCK_CAPTURE_AUTORELEASING = YES;
				CLANG_WARN_BOOL_CONVERSION = YES;
				CLANG_WARN_COMMA = YES;
				CLANG_WARN_CONSTANT_CONVERSION = YES;
				CLANG_WARN_DEPRECATED_OBJC_IMPLEMENTATIONS = YES;
				CLANG_WARN_DIRECT_OBJC_ISA_USAGE = YES_ERROR;
				CLANG_WARN_DOCUMENTATION_COMMENTS = YES;
				CLANG_WARN_EMPTY_BODY = YES;
				CLANG_WARN_ENUM_CONVERSION = YES;
				CLANG_WARN_INFINITE_RECURSION = YES;
				CLANG_WARN_INT_CONVERSION = YES;
				CLANG_WARN_NON_LITERAL_NULL_CONVERSION = YES;
				CLANG_WARN_OBJC_IMPLICIT_RETAIN_SELF = YES;
				CLANG_WARN_OBJC_LITERAL_CONVERSION = YES;
				CLANG_WARN_OBJC_ROOT_CLASS = YES_ERROR;
				CLANG_WARN_QUOTED_INCLUDE_IN_FRAMEWORK_HEADER = YES;
				CLANG_WARN_RANGE_LOOP_ANALYSIS = YES;
				CLANG_WARN_STRICT_PROTOTYPES = YES;
				CLANG_WARN_SUSPICIOUS_MOVE = YES;
				CLANG_WARN_UNGUARDED_AVAILABILITY = YES_AGGRESSIVE;
				CLANG_WARN_UNREACHABLE_CODE = YES;
				CLANG_WARN__DUPLICATE_METHOD_MATCH = YES;
				COPY_PHASE_STRIP = NO;
				DEBUG_INFORMATION_FORMAT = "dwarf-with-dsym";
				ENABLE_NS_ASSERTIONS = NO;
				ENABLE_STRICT_OBJC_MSGSEND = YES;
				GCC_C_LANGUAGE_STANDARD = gnu11;
				GCC_NO_COMMON_BLOCKS = YES;
				GCC_WARN_64_TO_32_BIT_CONVERSION = YES;
				GCC_WARN_ABOUT_RETURN_TYPE = YES_ERROR;
				GCC_WARN_UNDECLARED_SELECTOR = YES;
				GCC_WARN_UNINITIALIZED_AUTOS = YES_AGGRESSIVE;
				GCC_WARN_UNUSED_FUNCTION = YES;
				GCC_WARN_UNUSED_VARIABLE = YES;
				IPHONEOS_DEPLOYMENT_TARGET = 15.0;
				MTL_ENABLE_DEBUG_INFO = NO;
				MTL_FAST_MATH = YES;
				SDKROOT = iphoneos;
				SWIFT_COMPILATION_MODE = wholemodule;
				SWIFT_OPTIMIZATION_LEVEL = "-O";
				VALIDATE_PRODUCT = YES;
			};
			name = Release;
		};
		ED66788527577ACB007AC51F /* Debug */ = {
			isa = XCBuildConfiguration;
			buildSettings = {
				ASSETCATALOG_COMPILER_APPICON_NAME = AppIcon;
				ASSETCATALOG_COMPILER_GLOBAL_ACCENT_COLOR_NAME = AccentColor;
				CODE_SIGN_STYLE = Automatic;
				CURRENT_PROJECT_VERSION = 1;
				GENERATE_INFOPLIST_FILE = YES;
				INFOPLIST_FILE = "Login-Adapter/Info.plist";
				INFOPLIST_KEY_UIApplicationSupportsIndirectInputEvents = YES;
				INFOPLIST_KEY_UILaunchStoryboardName = LaunchScreen;
				INFOPLIST_KEY_UIMainStoryboardFile = Main;
				INFOPLIST_KEY_UISupportedInterfaceOrientations_iPad = "UIInterfaceOrientationPortrait UIInterfaceOrientationPortraitUpsideDown UIInterfaceOrientationLandscapeLeft UIInterfaceOrientationLandscapeRight";
				INFOPLIST_KEY_UISupportedInterfaceOrientations_iPhone = "UIInterfaceOrientationPortrait UIInterfaceOrientationLandscapeLeft UIInterfaceOrientationLandscapeRight";
				LD_RUNPATH_SEARCH_PATHS = (
					"$(inherited)",
					"@executable_path/Frameworks",
				);
				MARKETING_VERSION = 1.0;
				PRODUCT_BUNDLE_IDENTIFIER = "com.tiekle.Login-Adapter";
				PRODUCT_NAME = "$(TARGET_NAME)";
				SWIFT_EMIT_LOC_STRINGS = YES;
				SWIFT_VERSION = 5.0;
				TARGETED_DEVICE_FAMILY = "1,2";
			};
			name = Debug;
		};
		ED66788627577ACB007AC51F /* Release */ = {
			isa = XCBuildConfiguration;
			buildSettings = {
				ASSETCATALOG_COMPILER_APPICON_NAME = AppIcon;
				ASSETCATALOG_COMPILER_GLOBAL_ACCENT_COLOR_NAME = AccentColor;
				CODE_SIGN_STYLE = Automatic;
				CURRENT_PROJECT_VERSION = 1;
				GENERATE_INFOPLIST_FILE = YES;
				INFOPLIST_FILE = "Login-Adapter/Info.plist";
				INFOPLIST_KEY_UIApplicationSupportsIndirectInputEvents = YES;
				INFOPLIST_KEY_UILaunchStoryboardName = LaunchScreen;
				INFOPLIST_KEY_UIMainStoryboardFile = Main;
				INFOPLIST_KEY_UISupportedInterfaceOrientations_iPad = "UIInterfaceOrientationPortrait UIInterfaceOrientationPortraitUpsideDown UIInterfaceOrientationLandscapeLeft UIInterfaceOrientationLandscapeRight";
				INFOPLIST_KEY_UISupportedInterfaceOrientations_iPhone = "UIInterfaceOrientationPortrait UIInterfaceOrientationLandscapeLeft UIInterfaceOrientationLandscapeRight";
				LD_RUNPATH_SEARCH_PATHS = (
					"$(inherited)",
					"@executable_path/Frameworks",
				);
				MARKETING_VERSION = 1.0;
				PRODUCT_BUNDLE_IDENTIFIER = "com.tiekle.Login-Adapter";
				PRODUCT_NAME = "$(TARGET_NAME)";
				SWIFT_EMIT_LOC_STRINGS = YES;
				SWIFT_VERSION = 5.0;
				TARGETED_DEVICE_FAMILY = "1,2";
			};
			name = Release;
		};
/* End XCBuildConfiguration section */

/* Begin XCConfigurationList section */
		ED66786B27577AC9007AC51F /* Build configuration list for PBXProject "Login-Adapter" */ = {
			isa = XCConfigurationList;
			buildConfigurations = (
				ED66788227577ACB007AC51F /* Debug */,
				ED66788327577ACB007AC51F /* Release */,
			);
			defaultConfigurationIsVisible = 0;
			defaultConfigurationName = Release;
		};
		ED66788427577ACB007AC51F /* Build configuration list for PBXNativeTarget "Login-Adapter" */ = {
			isa = XCConfigurationList;
			buildConfigurations = (
				ED66788527577ACB007AC51F /* Debug */,
				ED66788627577ACB007AC51F /* Release */,
			);
			defaultConfigurationIsVisible = 0;
			defaultConfigurationName = Release;
		};
/* End XCConfigurationList section */
	};
	rootObject = ED66786827577AC9007AC51F /* Project object */;
}
